// !$*UTF8*$!
{
	archiveVersion = 1;
	classes = {
	};
	objectVersion = 45;
	objects = {

/* Begin PBXBuildFile section */
		64021EE412904ECA0008D1EA /* GameDefaults.Math.classes.h in Headers */ = {isa = PBXBuildFile; fileRef = 64021EE312904ECA0008D1EA /* GameDefaults.Math.classes.h */; };
		64021EE612904EE00008D1EA /* GameDefaults.Math.h in Headers */ = {isa = PBXBuildFile; fileRef = 64021EE512904EE00008D1EA /* GameDefaults.Math.h */; };
		64021EED12904F410008D1EA /* HalfPlane.h in Headers */ = {isa = PBXBuildFile; fileRef = 64021EEB12904F410008D1EA /* HalfPlane.h */; };
		64021EEE12904F410008D1EA /* HalfPlane.m in Sources */ = {isa = PBXBuildFile; fileRef = 64021EEC12904F410008D1EA /* HalfPlane.m */; };
		64021EFF1290514A0008D1EA /* AxisAlignedHalfPlane.h in Headers */ = {isa = PBXBuildFile; fileRef = 64021EFD1290514A0008D1EA /* AxisAlignedHalfPlane.h */; };
		64021F001290514A0008D1EA /* AxisAlignedHalfPlane.m in Sources */ = {isa = PBXBuildFile; fileRef = 64021EFE1290514A0008D1EA /* AxisAlignedHalfPlane.m */; };
		64021F34129057A50008D1EA /* Collision.h in Headers */ = {isa = PBXBuildFile; fileRef = 64021F32129057A50008D1EA /* Collision.h */; };
		64021F35129057A50008D1EA /* Collision.m in Sources */ = {isa = PBXBuildFile; fileRef = 64021F33129057A50008D1EA /* Collision.m */; };
		64021F7912906C9D0008D1EA /* ParticleAxisAlignedHalfPlaneCollision.h in Headers */ = {isa = PBXBuildFile; fileRef = 64021F7712906C9D0008D1EA /* ParticleAxisAlignedHalfPlaneCollision.h */; };
		64021F7A12906C9D0008D1EA /* ParticleAxisAlignedHalfPlaneCollision.m in Sources */ = {isa = PBXBuildFile; fileRef = 64021F7812906C9D0008D1EA /* ParticleAxisAlignedHalfPlaneCollision.m */; };
		642DB79C12D15C79009A95EB /* TouchPanelHelper.h in Headers */ = {isa = PBXBuildFile; fileRef = 642DB79A12D15C79009A95EB /* TouchPanelHelper.h */; };
		642DB79D12D15C79009A95EB /* TouchPanelHelper.m in Sources */ = {isa = PBXBuildFile; fileRef = 642DB79B12D15C79009A95EB /* TouchPanelHelper.m */; };
		642DB7A112D15D56009A95EB /* GameDefaults.Control.classes.h in Headers */ = {isa = PBXBuildFile; fileRef = 642DB7A012D15D56009A95EB /* GameDefaults.Control.classes.h */; };
		642DB7A312D15D65009A95EB /* GameDefaults.Control.h in Headers */ = {isa = PBXBuildFile; fileRef = 642DB7A212D15D65009A95EB /* GameDefaults.Control.h */; };
		642DB7A612D15D97009A95EB /* Fader.h in Headers */ = {isa = PBXBuildFile; fileRef = 642DB7A412D15D97009A95EB /* Fader.h */; };
		642DB7A712D15D97009A95EB /* Fader.m in Sources */ = {isa = PBXBuildFile; fileRef = 642DB7A512D15D97009A95EB /* Fader.m */; };
		642DB7B512D1600C009A95EB /* GameDefaults.Mirage.classes.h in Headers */ = {isa = PBXBuildFile; fileRef = 642DB7B412D1600C009A95EB /* GameDefaults.Mirage.classes.h */; };
		642DB7B712D16016009A95EB /* GameDefaults.Mirage.h in Headers */ = {isa = PBXBuildFile; fileRef = 642DB7B612D16016009A95EB /* GameDefaults.Mirage.h */; };
		642DB7BA12D16020009A95EB /* Label.h in Headers */ = {isa = PBXBuildFile; fileRef = 642DB7B812D16020009A95EB /* Label.h */; };
		642DB7BB12D16020009A95EB /* Label.m in Sources */ = {isa = PBXBuildFile; fileRef = 642DB7B912D16020009A95EB /* Label.m */; };
		642DB7BE12D16027009A95EB /* Image.h in Headers */ = {isa = PBXBuildFile; fileRef = 642DB7BC12D16027009A95EB /* Image.h */; };
		642DB7BF12D16027009A95EB /* Image.m in Sources */ = {isa = PBXBuildFile; fileRef = 642DB7BD12D16027009A95EB /* Image.m */; };
		642DB7C112D16044009A95EB /* MirageEnums.h in Headers */ = {isa = PBXBuildFile; fileRef = 642DB7C012D16044009A95EB /* MirageEnums.h */; };
		642DB82812D169ED009A95EB /* SceneAction.h in Headers */ = {isa = PBXBuildFile; fileRef = 642DB82612D169ED009A95EB /* SceneAction.h */; };
		642DB82912D169ED009A95EB /* SceneAction.m in Sources */ = {isa = PBXBuildFile; fileRef = 642DB82712D169ED009A95EB /* SceneAction.m */; };
		642DB82C12D16AC6009A95EB /* GridScene.h in Headers */ = {isa = PBXBuildFile; fileRef = 642DB82A12D16AC6009A95EB /* GridScene.h */; };
		642DB82D12D16AC6009A95EB /* GridScene.m in Sources */ = {isa = PBXBuildFile; fileRef = 642DB82B12D16AC6009A95EB /* GridScene.m */; };
		642DB83912D16ED8009A95EB /* SceneEventArgs.h in Headers */ = {isa = PBXBuildFile; fileRef = 642DB83712D16ED8009A95EB /* SceneEventArgs.h */; };
		642DB83A12D16ED8009A95EB /* SceneEventArgs.m in Sources */ = {isa = PBXBuildFile; fileRef = 642DB83812D16ED8009A95EB /* SceneEventArgs.m */; };
		642DB84412D17063009A95EB /* ICustomUpdate.h in Headers */ = {isa = PBXBuildFile; fileRef = 642DB84312D17063009A95EB /* ICustomUpdate.h */; };
		6471F58A12A30A0100479667 /* ISceneUser.h in Headers */ = {isa = PBXBuildFile; fileRef = 6471F58912A30A0100479667 /* ISceneUser.h */; };
		6479477B12946A200082CF22 /* IRectangleDimensions.h in Headers */ = {isa = PBXBuildFile; fileRef = 6479477A12946A200082CF22 /* IRectangleDimensions.h */; };
		64794785129597D00082CF22 /* IRectangleCollider.h in Headers */ = {isa = PBXBuildFile; fileRef = 64794784129597D00082CF22 /* IRectangleCollider.h */; };
		647947921295994D0082CF22 /* IAxisAlignedRectangleCollider.h in Headers */ = {isa = PBXBuildFile; fileRef = 647947911295994D0082CF22 /* IAxisAlignedRectangleCollider.h */; };
		647947AA12959B8E0082CF22 /* ICustomCollider.h in Headers */ = {isa = PBXBuildFile; fileRef = 647947A912959B8E0082CF22 /* ICustomCollider.h */; };
		647947AD12959BEC0082CF22 /* ParticleAxisAlignedRectangleCollision.h in Headers */ = {isa = PBXBuildFile; fileRef = 647947AB12959BEC0082CF22 /* ParticleAxisAlignedRectangleCollision.h */; };
		647947AE12959BEC0082CF22 /* ParticleAxisAlignedRectangleCollision.m in Sources */ = {isa = PBXBuildFile; fileRef = 647947AC12959BEC0082CF22 /* ParticleAxisAlignedRectangleCollision.m */; };
		649FF63012835CE600CEA4E0 /* AnimatedSprite.h in Headers */ = {isa = PBXBuildFile; fileRef = 649FF62A12835CE600CEA4E0 /* AnimatedSprite.h */; };
		649FF63112835CE600CEA4E0 /* AnimatedSprite.m in Sources */ = {isa = PBXBuildFile; fileRef = 649FF62B12835CE600CEA4E0 /* AnimatedSprite.m */; };
		649FF63212835CE600CEA4E0 /* AnimatedSpriteFrame.h in Headers */ = {isa = PBXBuildFile; fileRef = 649FF62C12835CE600CEA4E0 /* AnimatedSpriteFrame.h */; };
		649FF63312835CE600CEA4E0 /* AnimatedSpriteFrame.m in Sources */ = {isa = PBXBuildFile; fileRef = 649FF62D12835CE600CEA4E0 /* AnimatedSpriteFrame.m */; };
		649FF63412835CE600CEA4E0 /* Sprite.h in Headers */ = {isa = PBXBuildFile; fileRef = 649FF62E12835CE600CEA4E0 /* Sprite.h */; };
		649FF63512835CE600CEA4E0 /* Sprite.m in Sources */ = {isa = PBXBuildFile; fileRef = 649FF62F12835CE600CEA4E0 /* Sprite.m */; };
		649FF63812835CF300CEA4E0 /* GameDefaults.Graphics.classes.h in Headers */ = {isa = PBXBuildFile; fileRef = 649FF63612835CF300CEA4E0 /* GameDefaults.Graphics.classes.h */; };
		649FF63912835CF300CEA4E0 /* GameDefaults.Graphics.h in Headers */ = {isa = PBXBuildFile; fileRef = 649FF63712835CF300CEA4E0 /* GameDefaults.Graphics.h */; };
		649FF63C12835D7600CEA4E0 /* Lifetime.h in Headers */ = {isa = PBXBuildFile; fileRef = 649FF63A12835D7600CEA4E0 /* Lifetime.h */; };
		649FF63D12835D7600CEA4E0 /* Lifetime.m in Sources */ = {isa = PBXBuildFile; fileRef = 649FF63B12835D7600CEA4E0 /* Lifetime.m */; };
		649FF6FD128361BB00CEA4E0 /* ParticleParticleColision.h in Headers */ = {isa = PBXBuildFile; fileRef = 649FF6FB128361BA00CEA4E0 /* ParticleParticleColision.h */; };
		649FF6FE128361BB00CEA4E0 /* ParticleParticleColision.m in Sources */ = {isa = PBXBuildFile; fileRef = 649FF6FC128361BB00CEA4E0 /* ParticleParticleColision.m */; };
		649FF701128361FA00CEA4E0 /* SimpleScene.h in Headers */ = {isa = PBXBuildFile; fileRef = 649FF6FF128361FA00CEA4E0 /* SimpleScene.h */; };
		649FF702128361FA00CEA4E0 /* SimpleScene.m in Sources */ = {isa = PBXBuildFile; fileRef = 649FF700128361FA00CEA4E0 /* SimpleScene.m */; };
		649FF7041283621200CEA4E0 /* IScene.h in Headers */ = {isa = PBXBuildFile; fileRef = 649FF7031283621200CEA4E0 /* IScene.h */; };
		649FF70A1283632E00CEA4E0 /* GameDefaults.Scene.classes.h in Headers */ = {isa = PBXBuildFile; fileRef = 649FF7091283632E00CEA4E0 /* GameDefaults.Scene.classes.h */; };
		649FF70D1283634E00CEA4E0 /* GameDefaults.Scene.h in Headers */ = {isa = PBXBuildFile; fileRef = 649FF70C1283634E00CEA4E0 /* GameDefaults.Scene.h */; };
		649FF7121283639E00CEA4E0 /* ILifetime.h in Headers */ = {isa = PBXBuildFile; fileRef = 649FF7111283639E00CEA4E0 /* ILifetime.h */; };
		649FF7151283641000CEA4E0 /* IPosition.h in Headers */ = {isa = PBXBuildFile; fileRef = 649FF7141283641000CEA4E0 /* IPosition.h */; };
		649FF7181283644000CEA4E0 /* IVelocity.h in Headers */ = {isa = PBXBuildFile; fileRef = 649FF7171283644000CEA4E0 /* IVelocity.h */; };
		649FF71B1283646600CEA4E0 /* IMovable.h in Headers */ = {isa = PBXBuildFile; fileRef = 649FF71A1283646600CEA4E0 /* IMovable.h */; };
		649FF71F128364B000CEA4E0 /* GameDefaults.Scene.Objects.classes.h in Headers */ = {isa = PBXBuildFile; fileRef = 649FF71E128364B000CEA4E0 /* GameDefaults.Scene.Objects.classes.h */; };
		649FF721128364C600CEA4E0 /* GameDefaults.Scene.Objects.h in Headers */ = {isa = PBXBuildFile; fileRef = 649FF720128364C600CEA4E0 /* GameDefaults.Scene.Objects.h */; };
		649FF725128364DB00CEA4E0 /* IMass.h in Headers */ = {isa = PBXBuildFile; fileRef = 649FF724128364DB00CEA4E0 /* IMass.h */; };
		649FF7271283650300CEA4E0 /* IRadius.h in Headers */ = {isa = PBXBuildFile; fileRef = 649FF7261283650300CEA4E0 /* IRadius.h */; };
		649FF72B1283653000CEA4E0 /* IParticleColider.h in Headers */ = {isa = PBXBuildFile; fileRef = 649FF72A1283653000CEA4E0 /* IParticleColider.h */; };
		649FF7301283655900CEA4E0 /* IParticle.h in Headers */ = {isa = PBXBuildFile; fileRef = 649FF72F1283655900CEA4E0 /* IParticle.h */; };
		649FF7321283659500CEA4E0 /* IConvexColider.h in Headers */ = {isa = PBXBuildFile; fileRef = 649FF7311283659500CEA4E0 /* IConvexColider.h */; };
		649FF739128365CD00CEA4E0 /* IHalfPlaneColider.h in Headers */ = {isa = PBXBuildFile; fileRef = 649FF738128365CD00CEA4E0 /* IHalfPlaneColider.h */; };
		649FF73D128365FC00CEA4E0 /* ICoefficientOfRestitution.h in Headers */ = {isa = PBXBuildFile; fileRef = 649FF73C128365FC00CEA4E0 /* ICoefficientOfRestitution.h */; };
		649FF7461283667E00CEA4E0 /* MovementPhysics.h in Headers */ = {isa = PBXBuildFile; fileRef = 649FF7441283667E00CEA4E0 /* MovementPhysics.h */; };
		649FF7471283667E00CEA4E0 /* MovementPhysics.m in Sources */ = {isa = PBXBuildFile; fileRef = 649FF7451283667E00CEA4E0 /* MovementPhysics.m */; };
		649FF7B612836B5700CEA4E0 /* GameDefaults.Physics.classes.h in Headers */ = {isa = PBXBuildFile; fileRef = 649FF7B512836B5700CEA4E0 /* GameDefaults.Physics.classes.h */; };
		649FF7BA12836B8800CEA4E0 /* GameDefaults.Physics.h in Headers */ = {isa = PBXBuildFile; fileRef = 649FF7B912836B8800CEA4E0 /* GameDefaults.Physics.h */; };
		64AD745B128DAFB1003434E0 /* IAxisAlignedHalfPlaneCollider.h in Headers */ = {isa = PBXBuildFile; fileRef = 64AD745A128DAFB1003434E0 /* IAxisAlignedHalfPlaneCollider.h */; };
		64C92A8E129841A600869CF4 /* RectangleRectangleCollision.h in Headers */ = {isa = PBXBuildFile; fileRef = 64C92A8C129841A600869CF4 /* RectangleRectangleCollision.h */; };
		64C92A8F129841A600869CF4 /* RectangleRectangleCollision.m in Sources */ = {isa = PBXBuildFile; fileRef = 64C92A8D129841A600869CF4 /* RectangleRectangleCollision.m */; };
		64DF61BE12A068F600505C0C /* PrimitiveBatch.h in Headers */ = {isa = PBXBuildFile; fileRef = 64DF61BC12A068F600505C0C /* PrimitiveBatch.h */; };
		64DF61BF12A068F600505C0C /* PrimitiveBatch.m in Sources */ = {isa = PBXBuildFile; fileRef = 64DF61BD12A068F600505C0C /* PrimitiveBatch.m */; };
		64DF648812A08D2500505C0C /* RectangleAAHalfPlaneCollision.h in Headers */ = {isa = PBXBuildFile; fileRef = 64DF648612A08D2500505C0C /* RectangleAAHalfPlaneCollision.h */; };
		64DF648912A08D2500505C0C /* RectangleAAHalfPlaneCollision.m in Sources */ = {isa = PBXBuildFile; fileRef = 64DF648712A08D2500505C0C /* RectangleAAHalfPlaneCollision.m */; };
		AA747D9F0F9514B9006C5449 /* GameDefaults_Prefix.pch in Headers */ = {isa = PBXBuildFile; fileRef = AA747D9E0F9514B9006C5449 /* GameDefaults_Prefix.pch */; };
		AACBBE4A0F95108600F1A2B1 /* Foundation.framework in Frameworks */ = {isa = PBXBuildFile; fileRef = AACBBE490F95108600F1A2B1 /* Foundation.framework */; };
/* End PBXBuildFile section */

/* Begin PBXFileReference section */
		64021EE312904ECA0008D1EA /* GameDefaults.Math.classes.h */ = {isa = PBXFileReference; fileEncoding = 4; lastKnownFileType = sourcecode.c.h; path = GameDefaults.Math.classes.h; sourceTree = "<group>"; };
		64021EE512904EE00008D1EA /* GameDefaults.Math.h */ = {isa = PBXFileReference; fileEncoding = 4; lastKnownFileType = sourcecode.c.h; path = GameDefaults.Math.h; sourceTree = "<group>"; };
		64021EE712904EF50008D1EA /* MathEnums.h */ = {isa = PBXFileReference; fileEncoding = 4; lastKnownFileType = sourcecode.c.h; path = MathEnums.h; sourceTree = "<group>"; };
		64021EEB12904F410008D1EA /* HalfPlane.h */ = {isa = PBXFileReference; fileEncoding = 4; lastKnownFileType = sourcecode.c.h; path = HalfPlane.h; sourceTree = "<group>"; };
		64021EEC12904F410008D1EA /* HalfPlane.m */ = {isa = PBXFileReference; fileEncoding = 4; lastKnownFileType = sourcecode.c.objc; path = HalfPlane.m; sourceTree = "<group>"; };
		64021EFD1290514A0008D1EA /* AxisAlignedHalfPlane.h */ = {isa = PBXFileReference; fileEncoding = 4; lastKnownFileType = sourcecode.c.h; path = AxisAlignedHalfPlane.h; sourceTree = "<group>"; };
		64021EFE1290514A0008D1EA /* AxisAlignedHalfPlane.m */ = {isa = PBXFileReference; fileEncoding = 4; lastKnownFileType = sourcecode.c.objc; path = AxisAlignedHalfPlane.m; sourceTree = "<group>"; };
		64021F32129057A50008D1EA /* Collision.h */ = {isa = PBXFileReference; fileEncoding = 4; lastKnownFileType = sourcecode.c.h; path = Collision.h; sourceTree = "<group>"; };
		64021F33129057A50008D1EA /* Collision.m */ = {isa = PBXFileReference; fileEncoding = 4; lastKnownFileType = sourcecode.c.objc; path = Collision.m; sourceTree = "<group>"; };
		64021F7712906C9D0008D1EA /* ParticleAxisAlignedHalfPlaneCollision.h */ = {isa = PBXFileReference; fileEncoding = 4; lastKnownFileType = sourcecode.c.h; path = ParticleAxisAlignedHalfPlaneCollision.h; sourceTree = "<group>"; };
		64021F7812906C9D0008D1EA /* ParticleAxisAlignedHalfPlaneCollision.m */ = {isa = PBXFileReference; fileEncoding = 4; lastKnownFileType = sourcecode.c.objc; path = ParticleAxisAlignedHalfPlaneCollision.m; sourceTree = "<group>"; };
		642DB79A12D15C79009A95EB /* TouchPanelHelper.h */ = {isa = PBXFileReference; fileEncoding = 4; lastKnownFileType = sourcecode.c.h; path = TouchPanelHelper.h; sourceTree = "<group>"; };
		642DB79B12D15C79009A95EB /* TouchPanelHelper.m */ = {isa = PBXFileReference; fileEncoding = 4; lastKnownFileType = sourcecode.c.objc; path = TouchPanelHelper.m; sourceTree = "<group>"; };
		642DB7A012D15D56009A95EB /* GameDefaults.Control.classes.h */ = {isa = PBXFileReference; fileEncoding = 4; lastKnownFileType = sourcecode.c.h; path = GameDefaults.Control.classes.h; sourceTree = "<group>"; };
		642DB7A212D15D65009A95EB /* GameDefaults.Control.h */ = {isa = PBXFileReference; fileEncoding = 4; lastKnownFileType = sourcecode.c.h; path = GameDefaults.Control.h; sourceTree = "<group>"; };
		642DB7A412D15D97009A95EB /* Fader.h */ = {isa = PBXFileReference; fileEncoding = 4; lastKnownFileType = sourcecode.c.h; path = Fader.h; sourceTree = "<group>"; };
		642DB7A512D15D97009A95EB /* Fader.m */ = {isa = PBXFileReference; fileEncoding = 4; lastKnownFileType = sourcecode.c.objc; path = Fader.m; sourceTree = "<group>"; };
		642DB7B412D1600C009A95EB /* GameDefaults.Mirage.classes.h */ = {isa = PBXFileReference; fileEncoding = 4; lastKnownFileType = sourcecode.c.h; path = GameDefaults.Mirage.classes.h; sourceTree = "<group>"; };
		642DB7B612D16016009A95EB /* GameDefaults.Mirage.h */ = {isa = PBXFileReference; fileEncoding = 4; lastKnownFileType = sourcecode.c.h; path = GameDefaults.Mirage.h; sourceTree = "<group>"; };
		642DB7B812D16020009A95EB /* Label.h */ = {isa = PBXFileReference; fileEncoding = 4; lastKnownFileType = sourcecode.c.h; path = Label.h; sourceTree = "<group>"; };
		642DB7B912D16020009A95EB /* Label.m */ = {isa = PBXFileReference; fileEncoding = 4; lastKnownFileType = sourcecode.c.objc; path = Label.m; sourceTree = "<group>"; };
		642DB7BC12D16027009A95EB /* Image.h */ = {isa = PBXFileReference; fileEncoding = 4; lastKnownFileType = sourcecode.c.h; path = Image.h; sourceTree = "<group>"; };
		642DB7BD12D16027009A95EB /* Image.m */ = {isa = PBXFileReference; fileEncoding = 4; lastKnownFileType = sourcecode.c.objc; path = Image.m; sourceTree = "<group>"; };
		642DB7C012D16044009A95EB /* MirageEnums.h */ = {isa = PBXFileReference; fileEncoding = 4; lastKnownFileType = sourcecode.c.h; path = MirageEnums.h; sourceTree = "<group>"; };
		642DB82612D169ED009A95EB /* SceneAction.h */ = {isa = PBXFileReference; fileEncoding = 4; lastKnownFileType = sourcecode.c.h; path = SceneAction.h; sourceTree = "<group>"; };
		642DB82712D169ED009A95EB /* SceneAction.m */ = {isa = PBXFileReference; fileEncoding = 4; lastKnownFileType = sourcecode.c.objc; path = SceneAction.m; sourceTree = "<group>"; };
		642DB82A12D16AC6009A95EB /* GridScene.h */ = {isa = PBXFileReference; fileEncoding = 4; lastKnownFileType = sourcecode.c.h; path = GridScene.h; sourceTree = "<group>"; };
		642DB82B12D16AC6009A95EB /* GridScene.m */ = {isa = PBXFileReference; fileEncoding = 4; lastKnownFileType = sourcecode.c.objc; path = GridScene.m; sourceTree = "<group>"; };
		642DB83712D16ED8009A95EB /* SceneEventArgs.h */ = {isa = PBXFileReference; fileEncoding = 4; lastKnownFileType = sourcecode.c.h; path = SceneEventArgs.h; sourceTree = "<group>"; };
		642DB83812D16ED8009A95EB /* SceneEventArgs.m */ = {isa = PBXFileReference; fileEncoding = 4; lastKnownFileType = sourcecode.c.objc; path = SceneEventArgs.m; sourceTree = "<group>"; };
		642DB84312D17063009A95EB /* ICustomUpdate.h */ = {isa = PBXFileReference; fileEncoding = 4; lastKnownFileType = sourcecode.c.h; path = ICustomUpdate.h; sourceTree = "<group>"; };
		6471F58912A30A0100479667 /* ISceneUser.h */ = {isa = PBXFileReference; fileEncoding = 4; lastKnownFileType = sourcecode.c.h; path = ISceneUser.h; sourceTree = "<group>"; };
		6479477A12946A200082CF22 /* IRectangleDimensions.h */ = {isa = PBXFileReference; fileEncoding = 4; lastKnownFileType = sourcecode.c.h; path = IRectangleDimensions.h; sourceTree = "<group>"; };
		64794784129597D00082CF22 /* IRectangleCollider.h */ = {isa = PBXFileReference; fileEncoding = 4; lastKnownFileType = sourcecode.c.h; path = IRectangleCollider.h; sourceTree = "<group>"; };
		647947911295994D0082CF22 /* IAxisAlignedRectangleCollider.h */ = {isa = PBXFileReference; fileEncoding = 4; lastKnownFileType = sourcecode.c.h; path = IAxisAlignedRectangleCollider.h; sourceTree = "<group>"; };
		647947A912959B8E0082CF22 /* ICustomCollider.h */ = {isa = PBXFileReference; fileEncoding = 4; lastKnownFileType = sourcecode.c.h; path = ICustomCollider.h; sourceTree = "<group>"; };
		647947AB12959BEC0082CF22 /* ParticleAxisAlignedRectangleCollision.h */ = {isa = PBXFileReference; fileEncoding = 4; lastKnownFileType = sourcecode.c.h; path = ParticleAxisAlignedRectangleCollision.h; sourceTree = "<group>"; };
		647947AC12959BEC0082CF22 /* ParticleAxisAlignedRectangleCollision.m */ = {isa = PBXFileReference; fileEncoding = 4; lastKnownFileType = sourcecode.c.objc; path = ParticleAxisAlignedRectangleCollision.m; sourceTree = "<group>"; };
		649FF62A12835CE600CEA4E0 /* AnimatedSprite.h */ = {isa = PBXFileReference; fileEncoding = 4; lastKnownFileType = sourcecode.c.h; path = AnimatedSprite.h; sourceTree = "<group>"; };
		649FF62B12835CE600CEA4E0 /* AnimatedSprite.m */ = {isa = PBXFileReference; fileEncoding = 4; lastKnownFileType = sourcecode.c.objc; path = AnimatedSprite.m; sourceTree = "<group>"; };
		649FF62C12835CE600CEA4E0 /* AnimatedSpriteFrame.h */ = {isa = PBXFileReference; fileEncoding = 4; lastKnownFileType = sourcecode.c.h; path = AnimatedSpriteFrame.h; sourceTree = "<group>"; };
		649FF62D12835CE600CEA4E0 /* AnimatedSpriteFrame.m */ = {isa = PBXFileReference; fileEncoding = 4; lastKnownFileType = sourcecode.c.objc; path = AnimatedSpriteFrame.m; sourceTree = "<group>"; };
		649FF62E12835CE600CEA4E0 /* Sprite.h */ = {isa = PBXFileReference; fileEncoding = 4; lastKnownFileType = sourcecode.c.h; path = Sprite.h; sourceTree = "<group>"; };
		649FF62F12835CE600CEA4E0 /* Sprite.m */ = {isa = PBXFileReference; fileEncoding = 4; lastKnownFileType = sourcecode.c.objc; path = Sprite.m; sourceTree = "<group>"; };
		649FF63612835CF300CEA4E0 /* GameDefaults.Graphics.classes.h */ = {isa = PBXFileReference; fileEncoding = 4; lastKnownFileType = sourcecode.c.h; path = GameDefaults.Graphics.classes.h; sourceTree = "<group>"; };
		649FF63712835CF300CEA4E0 /* GameDefaults.Graphics.h */ = {isa = PBXFileReference; fileEncoding = 4; lastKnownFileType = sourcecode.c.h; path = GameDefaults.Graphics.h; sourceTree = "<group>"; };
		649FF63A12835D7600CEA4E0 /* Lifetime.h */ = {isa = PBXFileReference; fileEncoding = 4; lastKnownFileType = sourcecode.c.h; path = Lifetime.h; sourceTree = "<group>"; };
		649FF63B12835D7600CEA4E0 /* Lifetime.m */ = {isa = PBXFileReference; fileEncoding = 4; lastKnownFileType = sourcecode.c.objc; path = Lifetime.m; sourceTree = "<group>"; };
		649FF6FB128361BA00CEA4E0 /* ParticleParticleColision.h */ = {isa = PBXFileReference; fileEncoding = 4; lastKnownFileType = sourcecode.c.h; path = ParticleParticleColision.h; sourceTree = "<group>"; };
		649FF6FC128361BB00CEA4E0 /* ParticleParticleColision.m */ = {isa = PBXFileReference; fileEncoding = 4; lastKnownFileType = sourcecode.c.objc; path = ParticleParticleColision.m; sourceTree = "<group>"; };
		649FF6FF128361FA00CEA4E0 /* SimpleScene.h */ = {isa = PBXFileReference; fileEncoding = 4; lastKnownFileType = sourcecode.c.h; path = SimpleScene.h; sourceTree = "<group>"; };
		649FF700128361FA00CEA4E0 /* SimpleScene.m */ = {isa = PBXFileReference; fileEncoding = 4; lastKnownFileType = sourcecode.c.objc; path = SimpleScene.m; sourceTree = "<group>"; };
		649FF7031283621200CEA4E0 /* IScene.h */ = {isa = PBXFileReference; fileEncoding = 4; lastKnownFileType = sourcecode.c.h; path = IScene.h; sourceTree = "<group>"; };
		649FF7091283632E00CEA4E0 /* GameDefaults.Scene.classes.h */ = {isa = PBXFileReference; fileEncoding = 4; lastKnownFileType = sourcecode.c.h; path = GameDefaults.Scene.classes.h; sourceTree = "<group>"; };
		649FF70C1283634E00CEA4E0 /* GameDefaults.Scene.h */ = {isa = PBXFileReference; fileEncoding = 4; lastKnownFileType = sourcecode.c.h; path = GameDefaults.Scene.h; sourceTree = "<group>"; };
		649FF7111283639E00CEA4E0 /* ILifetime.h */ = {isa = PBXFileReference; fileEncoding = 4; lastKnownFileType = sourcecode.c.h; path = ILifetime.h; sourceTree = "<group>"; };
		649FF7141283641000CEA4E0 /* IPosition.h */ = {isa = PBXFileReference; fileEncoding = 4; lastKnownFileType = sourcecode.c.h; path = IPosition.h; sourceTree = "<group>"; };
		649FF7171283644000CEA4E0 /* IVelocity.h */ = {isa = PBXFileReference; fileEncoding = 4; lastKnownFileType = sourcecode.c.h; path = IVelocity.h; sourceTree = "<group>"; };
		649FF71A1283646600CEA4E0 /* IMovable.h */ = {isa = PBXFileReference; fileEncoding = 4; lastKnownFileType = sourcecode.c.h; path = IMovable.h; sourceTree = "<group>"; };
		649FF71E128364B000CEA4E0 /* GameDefaults.Scene.Objects.classes.h */ = {isa = PBXFileReference; fileEncoding = 4; lastKnownFileType = sourcecode.c.h; path = GameDefaults.Scene.Objects.classes.h; sourceTree = "<group>"; };
		649FF720128364C600CEA4E0 /* GameDefaults.Scene.Objects.h */ = {isa = PBXFileReference; fileEncoding = 4; lastKnownFileType = sourcecode.c.h; path = GameDefaults.Scene.Objects.h; sourceTree = "<group>"; };
		649FF724128364DB00CEA4E0 /* IMass.h */ = {isa = PBXFileReference; fileEncoding = 4; lastKnownFileType = sourcecode.c.h; path = IMass.h; sourceTree = "<group>"; };
		649FF7261283650300CEA4E0 /* IRadius.h */ = {isa = PBXFileReference; fileEncoding = 4; lastKnownFileType = sourcecode.c.h; path = IRadius.h; sourceTree = "<group>"; };
		649FF72A1283653000CEA4E0 /* IParticleColider.h */ = {isa = PBXFileReference; fileEncoding = 4; lastKnownFileType = sourcecode.c.h; path = IParticleColider.h; sourceTree = "<group>"; };
		649FF72F1283655900CEA4E0 /* IParticle.h */ = {isa = PBXFileReference; fileEncoding = 4; lastKnownFileType = sourcecode.c.h; path = IParticle.h; sourceTree = "<group>"; };
		649FF7311283659500CEA4E0 /* IConvexColider.h */ = {isa = PBXFileReference; fileEncoding = 4; lastKnownFileType = sourcecode.c.h; path = IConvexColider.h; sourceTree = "<group>"; };
		649FF738128365CD00CEA4E0 /* IHalfPlaneColider.h */ = {isa = PBXFileReference; fileEncoding = 4; lastKnownFileType = sourcecode.c.h; path = IHalfPlaneColider.h; sourceTree = "<group>"; };
		649FF73C128365FC00CEA4E0 /* ICoefficientOfRestitution.h */ = {isa = PBXFileReference; fileEncoding = 4; lastKnownFileType = sourcecode.c.h; path = ICoefficientOfRestitution.h; sourceTree = "<group>"; };
		649FF7441283667E00CEA4E0 /* MovementPhysics.h */ = {isa = PBXFileReference; fileEncoding = 4; lastKnownFileType = sourcecode.c.h; path = MovementPhysics.h; sourceTree = "<group>"; };
		649FF7451283667E00CEA4E0 /* MovementPhysics.m */ = {isa = PBXFileReference; fileEncoding = 4; lastKnownFileType = sourcecode.c.objc; path = MovementPhysics.m; sourceTree = "<group>"; };
		649FF7B512836B5700CEA4E0 /* GameDefaults.Physics.classes.h */ = {isa = PBXFileReference; fileEncoding = 4; lastKnownFileType = sourcecode.c.h; path = GameDefaults.Physics.classes.h; sourceTree = "<group>"; };
		649FF7B912836B8800CEA4E0 /* GameDefaults.Physics.h */ = {isa = PBXFileReference; fileEncoding = 4; lastKnownFileType = sourcecode.c.h; path = GameDefaults.Physics.h; sourceTree = "<group>"; };
		64AD745A128DAFB1003434E0 /* IAxisAlignedHalfPlaneCollider.h */ = {isa = PBXFileReference; fileEncoding = 4; lastKnownFileType = sourcecode.c.h; path = IAxisAlignedHalfPlaneCollider.h; sourceTree = "<group>"; };
		64C92A8C129841A600869CF4 /* RectangleRectangleCollision.h */ = {isa = PBXFileReference; fileEncoding = 4; lastKnownFileType = sourcecode.c.h; path = RectangleRectangleCollision.h; sourceTree = "<group>"; };
		64C92A8D129841A600869CF4 /* RectangleRectangleCollision.m */ = {isa = PBXFileReference; fileEncoding = 4; lastKnownFileType = sourcecode.c.objc; path = RectangleRectangleCollision.m; sourceTree = "<group>"; };
		64DF61BC12A068F600505C0C /* PrimitiveBatch.h */ = {isa = PBXFileReference; fileEncoding = 4; lastKnownFileType = sourcecode.c.h; path = PrimitiveBatch.h; sourceTree = "<group>"; };
		64DF61BD12A068F600505C0C /* PrimitiveBatch.m */ = {isa = PBXFileReference; fileEncoding = 4; lastKnownFileType = sourcecode.c.objc; path = PrimitiveBatch.m; sourceTree = "<group>"; };
		64DF648612A08D2500505C0C /* RectangleAAHalfPlaneCollision.h */ = {isa = PBXFileReference; fileEncoding = 4; lastKnownFileType = sourcecode.c.h; path = RectangleAAHalfPlaneCollision.h; sourceTree = "<group>"; };
		64DF648712A08D2500505C0C /* RectangleAAHalfPlaneCollision.m */ = {isa = PBXFileReference; fileEncoding = 4; lastKnownFileType = sourcecode.c.objc; path = RectangleAAHalfPlaneCollision.m; sourceTree = "<group>"; };
		AA747D9E0F9514B9006C5449 /* GameDefaults_Prefix.pch */ = {isa = PBXFileReference; fileEncoding = 4; lastKnownFileType = sourcecode.c.h; path = GameDefaults_Prefix.pch; sourceTree = SOURCE_ROOT; };
		AACBBE490F95108600F1A2B1 /* Foundation.framework */ = {isa = PBXFileReference; lastKnownFileType = wrapper.framework; name = Foundation.framework; path = System/Library/Frameworks/Foundation.framework; sourceTree = SDKROOT; };
		D2AAC07E0554694100DB518D /* libGameDefaults.a */ = {isa = PBXFileReference; explicitFileType = archive.ar; includeInIndex = 0; path = libGameDefaults.a; sourceTree = BUILT_PRODUCTS_DIR; };
/* End PBXFileReference section */

/* Begin PBXFrameworksBuildPhase section */
		D2AAC07C0554694100DB518D /* Frameworks */ = {
			isa = PBXFrameworksBuildPhase;
			buildActionMask = 2147483647;
			files = (
				AACBBE4A0F95108600F1A2B1 /* Foundation.framework in Frameworks */,
			);
			runOnlyForDeploymentPostprocessing = 0;
		};
/* End PBXFrameworksBuildPhase section */

/* Begin PBXGroup section */
		034768DFFF38A50411DB9C8B /* Products */ = {
			isa = PBXGroup;
			children = (
				D2AAC07E0554694100DB518D /* libGameDefaults.a */,
			);
			name = Products;
			sourceTree = "<group>";
		};
		0867D691FE84028FC02AAC07 /* GameDefaults */ = {
			isa = PBXGroup;
			children = (
				08FB77AEFE84172EC02AAC07 /* Classes */,
				32C88DFF0371C24200C91783 /* Other Sources */,
				0867D69AFE84028FC02AAC07 /* Frameworks */,
				034768DFFF38A50411DB9C8B /* Products */,
			);
			name = GameDefaults;
			sourceTree = "<group>";
		};
		0867D69AFE84028FC02AAC07 /* Frameworks */ = {
			isa = PBXGroup;
			children = (
				AACBBE490F95108600F1A2B1 /* Foundation.framework */,
			);
			name = Frameworks;
			sourceTree = "<group>";
		};
		08FB77AEFE84172EC02AAC07 /* Classes */ = {
			isa = PBXGroup;
			children = (
				649FF61B12835C8200CEA4E0 /* GameDefaults */,
			);
			name = Classes;
			sourceTree = "<group>";
		};
		32C88DFF0371C24200C91783 /* Other Sources */ = {
			isa = PBXGroup;
			children = (
				AA747D9E0F9514B9006C5449 /* GameDefaults_Prefix.pch */,
			);
			name = "Other Sources";
			sourceTree = "<group>";
		};
		642DB79812D15C63009A95EB /* Control */ = {
			isa = PBXGroup;
			children = (
				642DB79A12D15C79009A95EB /* TouchPanelHelper.h */,
				642DB79B12D15C79009A95EB /* TouchPanelHelper.m */,
				642DB7A012D15D56009A95EB /* GameDefaults.Control.classes.h */,
				642DB7A212D15D65009A95EB /* GameDefaults.Control.h */,
				642DB7A412D15D97009A95EB /* Fader.h */,
				642DB7A512D15D97009A95EB /* Fader.m */,
			);
			name = Control;
			sourceTree = "<group>";
		};
		642DB7B212D15FF3009A95EB /* Mirage */ = {
			isa = PBXGroup;
			children = (
				642DB7B412D1600C009A95EB /* GameDefaults.Mirage.classes.h */,
				642DB7B612D16016009A95EB /* GameDefaults.Mirage.h */,
				642DB7B812D16020009A95EB /* Label.h */,
				642DB7B912D16020009A95EB /* Label.m */,
				642DB7BC12D16027009A95EB /* Image.h */,
				642DB7BD12D16027009A95EB /* Image.m */,
				642DB7C012D16044009A95EB /* MirageEnums.h */,
			);
			name = Mirage;
			sourceTree = "<group>";
		};
		642DB82112D16894009A95EB /* Colliders */ = {
			isa = PBXGroup;
			children = (
				649FF72A1283653000CEA4E0 /* IParticleColider.h */,
				649FF7311283659500CEA4E0 /* IConvexColider.h */,
				649FF738128365CD00CEA4E0 /* IHalfPlaneColider.h */,
				64AD745A128DAFB1003434E0 /* IAxisAlignedHalfPlaneCollider.h */,
				64794784129597D00082CF22 /* IRectangleCollider.h */,
				647947911295994D0082CF22 /* IAxisAlignedRectangleCollider.h */,
				647947A912959B8E0082CF22 /* ICustomCollider.h */,
			);
			name = Colliders;
			sourceTree = "<group>";
		};
		642DB82212D1689A009A95EB /* Shapes */ = {
			isa = PBXGroup;
			children = (
				649FF7261283650300CEA4E0 /* IRadius.h */,
				6479477A12946A200082CF22 /* IRectangleDimensions.h */,
			);
			name = Shapes;
			sourceTree = "<group>";
		};
		642DB82312D168A1009A95EB /* Physical Properties */ = {
			isa = PBXGroup;
			children = (
				649FF724128364DB00CEA4E0 /* IMass.h */,
				649FF73C128365FC00CEA4E0 /* ICoefficientOfRestitution.h */,
			);
			name = "Physical Properties";
			sourceTree = "<group>";
		};
		642DB82412D168AD009A95EB /* Movement */ = {
			isa = PBXGroup;
			children = (
				649FF7141283641000CEA4E0 /* IPosition.h */,
				649FF7171283644000CEA4E0 /* IVelocity.h */,
				649FF71A1283646600CEA4E0 /* IMovable.h */,
			);
			name = Movement;
			sourceTree = "<group>";
		};
		649FF61B12835C8200CEA4E0 /* GameDefaults */ = {
			isa = PBXGroup;
			children = (
				642DB7B212D15FF3009A95EB /* Mirage */,
				642DB79812D15C63009A95EB /* Control */,
				649FF62112835CAB00CEA4E0 /* Math */,
				649FF62012835C9A00CEA4E0 /* Physics */,
				649FF61F12835C8E00CEA4E0 /* Graphics */,
				649FF61E12835C8A00CEA4E0 /* Scene */,
			);
			name = GameDefaults;
			sourceTree = "<group>";
		};
		649FF61E12835C8A00CEA4E0 /* Scene */ = {
			isa = PBXGroup;
			children = (
				649FF62312835CC900CEA4E0 /* Objects */,
				649FF6FF128361FA00CEA4E0 /* SimpleScene.h */,
				649FF700128361FA00CEA4E0 /* SimpleScene.m */,
				649FF7031283621200CEA4E0 /* IScene.h */,
				649FF7091283632E00CEA4E0 /* GameDefaults.Scene.classes.h */,
				649FF70C1283634E00CEA4E0 /* GameDefaults.Scene.h */,
				642DB82612D169ED009A95EB /* SceneAction.h */,
				642DB82712D169ED009A95EB /* SceneAction.m */,
				642DB82A12D16AC6009A95EB /* GridScene.h */,
				642DB82B12D16AC6009A95EB /* GridScene.m */,
				642DB83712D16ED8009A95EB /* SceneEventArgs.h */,
				642DB83812D16ED8009A95EB /* SceneEventArgs.m */,
			);
			name = Scene;
			sourceTree = "<group>";
		};
		649FF61F12835C8E00CEA4E0 /* Graphics */ = {
			isa = PBXGroup;
			children = (
				64DF61BC12A068F600505C0C /* PrimitiveBatch.h */,
				64DF61BD12A068F600505C0C /* PrimitiveBatch.m */,
				649FF63612835CF300CEA4E0 /* GameDefaults.Graphics.classes.h */,
				649FF63712835CF300CEA4E0 /* GameDefaults.Graphics.h */,
				649FF62A12835CE600CEA4E0 /* AnimatedSprite.h */,
				649FF62B12835CE600CEA4E0 /* AnimatedSprite.m */,
				649FF62C12835CE600CEA4E0 /* AnimatedSpriteFrame.h */,
				649FF62D12835CE600CEA4E0 /* AnimatedSpriteFrame.m */,
				649FF62E12835CE600CEA4E0 /* Sprite.h */,
				649FF62F12835CE600CEA4E0 /* Sprite.m */,
			);
			name = Graphics;
			sourceTree = "<group>";
		};
		649FF62012835C9A00CEA4E0 /* Physics */ = {
			isa = PBXGroup;
			children = (
				649FF62212835CBE00CEA4E0 /* Colision */,
				649FF7441283667E00CEA4E0 /* MovementPhysics.h */,
				649FF7451283667E00CEA4E0 /* MovementPhysics.m */,
				649FF7B512836B5700CEA4E0 /* GameDefaults.Physics.classes.h */,
				649FF7B912836B8800CEA4E0 /* GameDefaults.Physics.h */,
			);
			name = Physics;
			sourceTree = "<group>";
		};
		649FF62112835CAB00CEA4E0 /* Math */ = {
			isa = PBXGroup;
			children = (
				64021EE312904ECA0008D1EA /* GameDefaults.Math.classes.h */,
				64021EE512904EE00008D1EA /* GameDefaults.Math.h */,
				64021EE712904EF50008D1EA /* MathEnums.h */,
				64021EEB12904F410008D1EA /* HalfPlane.h */,
				64021EEC12904F410008D1EA /* HalfPlane.m */,
				64021EFD1290514A0008D1EA /* AxisAlignedHalfPlane.h */,
				64021EFE1290514A0008D1EA /* AxisAlignedHalfPlane.m */,
			);
			name = Math;
			sourceTree = "<group>";
		};
		649FF62212835CBE00CEA4E0 /* Colision */ = {
			isa = PBXGroup;
			children = (
				649FF6FB128361BA00CEA4E0 /* ParticleParticleColision.h */,
				649FF6FC128361BB00CEA4E0 /* ParticleParticleColision.m */,
				64021F32129057A50008D1EA /* Collision.h */,
				64021F33129057A50008D1EA /* Collision.m */,
				64021F7712906C9D0008D1EA /* ParticleAxisAlignedHalfPlaneCollision.h */,
				64021F7812906C9D0008D1EA /* ParticleAxisAlignedHalfPlaneCollision.m */,
				647947AB12959BEC0082CF22 /* ParticleAxisAlignedRectangleCollision.h */,
				647947AC12959BEC0082CF22 /* ParticleAxisAlignedRectangleCollision.m */,
				64C92A8C129841A600869CF4 /* RectangleRectangleCollision.h */,
				64C92A8D129841A600869CF4 /* RectangleRectangleCollision.m */,
				64DF648612A08D2500505C0C /* RectangleAAHalfPlaneCollision.h */,
				64DF648712A08D2500505C0C /* RectangleAAHalfPlaneCollision.m */,
			);
			name = Colision;
			sourceTree = "<group>";
		};
		649FF62312835CC900CEA4E0 /* Objects */ = {
			isa = PBXGroup;
			children = (
				642DB82412D168AD009A95EB /* Movement */,
				642DB82312D168A1009A95EB /* Physical Properties */,
				642DB82212D1689A009A95EB /* Shapes */,
				642DB82112D16894009A95EB /* Colliders */,
				649FF63A12835D7600CEA4E0 /* Lifetime.h */,
				649FF63B12835D7600CEA4E0 /* Lifetime.m */,
				649FF7111283639E00CEA4E0 /* ILifetime.h */,
				649FF71E128364B000CEA4E0 /* GameDefaults.Scene.Objects.classes.h */,
				649FF720128364C600CEA4E0 /* GameDefaults.Scene.Objects.h */,
				649FF72F1283655900CEA4E0 /* IParticle.h */,
				6471F58912A30A0100479667 /* ISceneUser.h */,
				642DB84312D17063009A95EB /* ICustomUpdate.h */,
			);
			name = Objects;
			sourceTree = "<group>";
		};
/* End PBXGroup section */

/* Begin PBXHeadersBuildPhase section */
		D2AAC07A0554694100DB518D /* Headers */ = {
			isa = PBXHeadersBuildPhase;
			buildActionMask = 2147483647;
			files = (
				AA747D9F0F9514B9006C5449 /* GameDefaults_Prefix.pch in Headers */,
				649FF63012835CE600CEA4E0 /* AnimatedSprite.h in Headers */,
				649FF63212835CE600CEA4E0 /* AnimatedSpriteFrame.h in Headers */,
				649FF63412835CE600CEA4E0 /* Sprite.h in Headers */,
				649FF63812835CF300CEA4E0 /* GameDefaults.Graphics.classes.h in Headers */,
				649FF63912835CF300CEA4E0 /* GameDefaults.Graphics.h in Headers */,
				649FF63C12835D7600CEA4E0 /* Lifetime.h in Headers */,
				649FF6FD128361BB00CEA4E0 /* ParticleParticleColision.h in Headers */,
				649FF701128361FA00CEA4E0 /* SimpleScene.h in Headers */,
				649FF7041283621200CEA4E0 /* IScene.h in Headers */,
				649FF70A1283632E00CEA4E0 /* GameDefaults.Scene.classes.h in Headers */,
				649FF70D1283634E00CEA4E0 /* GameDefaults.Scene.h in Headers */,
				649FF7121283639E00CEA4E0 /* ILifetime.h in Headers */,
				649FF7151283641000CEA4E0 /* IPosition.h in Headers */,
				649FF7181283644000CEA4E0 /* IVelocity.h in Headers */,
				649FF71B1283646600CEA4E0 /* IMovable.h in Headers */,
				649FF71F128364B000CEA4E0 /* GameDefaults.Scene.Objects.classes.h in Headers */,
				649FF721128364C600CEA4E0 /* GameDefaults.Scene.Objects.h in Headers */,
				649FF725128364DB00CEA4E0 /* IMass.h in Headers */,
				649FF7271283650300CEA4E0 /* IRadius.h in Headers */,
				649FF72B1283653000CEA4E0 /* IParticleColider.h in Headers */,
				649FF7301283655900CEA4E0 /* IParticle.h in Headers */,
				649FF7321283659500CEA4E0 /* IConvexColider.h in Headers */,
				649FF739128365CD00CEA4E0 /* IHalfPlaneColider.h in Headers */,
				649FF73D128365FC00CEA4E0 /* ICoefficientOfRestitution.h in Headers */,
				649FF7461283667E00CEA4E0 /* MovementPhysics.h in Headers */,
				649FF7B612836B5700CEA4E0 /* GameDefaults.Physics.classes.h in Headers */,
				649FF7BA12836B8800CEA4E0 /* GameDefaults.Physics.h in Headers */,
				64AD745B128DAFB1003434E0 /* IAxisAlignedHalfPlaneCollider.h in Headers */,
				64021EE412904ECA0008D1EA /* GameDefaults.Math.classes.h in Headers */,
				64021EE612904EE00008D1EA /* GameDefaults.Math.h in Headers */,
				64021EED12904F410008D1EA /* HalfPlane.h in Headers */,
				64021EFF1290514A0008D1EA /* AxisAlignedHalfPlane.h in Headers */,
				64021F34129057A50008D1EA /* Collision.h in Headers */,
				64021F7912906C9D0008D1EA /* ParticleAxisAlignedHalfPlaneCollision.h in Headers */,
				6479477B12946A200082CF22 /* IRectangleDimensions.h in Headers */,
				64794785129597D00082CF22 /* IRectangleCollider.h in Headers */,
				647947921295994D0082CF22 /* IAxisAlignedRectangleCollider.h in Headers */,
				647947AA12959B8E0082CF22 /* ICustomCollider.h in Headers */,
				647947AD12959BEC0082CF22 /* ParticleAxisAlignedRectangleCollision.h in Headers */,
				64C92A8E129841A600869CF4 /* RectangleRectangleCollision.h in Headers */,
				64DF61BE12A068F600505C0C /* PrimitiveBatch.h in Headers */,
				64DF648812A08D2500505C0C /* RectangleAAHalfPlaneCollision.h in Headers */,
				6471F58A12A30A0100479667 /* ISceneUser.h in Headers */,
				642DB79C12D15C79009A95EB /* TouchPanelHelper.h in Headers */,
				642DB7A112D15D56009A95EB /* GameDefaults.Control.classes.h in Headers */,
				642DB7A312D15D65009A95EB /* GameDefaults.Control.h in Headers */,
				642DB7A612D15D97009A95EB /* Fader.h in Headers */,
				642DB7B512D1600C009A95EB /* GameDefaults.Mirage.classes.h in Headers */,
				642DB7B712D16016009A95EB /* GameDefaults.Mirage.h in Headers */,
				642DB7BA12D16020009A95EB /* Label.h in Headers */,
				642DB7BE12D16027009A95EB /* Image.h in Headers */,
				642DB7C112D16044009A95EB /* MirageEnums.h in Headers */,
				642DB82812D169ED009A95EB /* SceneAction.h in Headers */,
				642DB82C12D16AC6009A95EB /* GridScene.h in Headers */,
				642DB83912D16ED8009A95EB /* SceneEventArgs.h in Headers */,
				642DB84412D17063009A95EB /* ICustomUpdate.h in Headers */,
			);
			runOnlyForDeploymentPostprocessing = 0;
		};
/* End PBXHeadersBuildPhase section */

/* Begin PBXNativeTarget section */
		D2AAC07D0554694100DB518D /* GameDefaults */ = {
			isa = PBXNativeTarget;
			buildConfigurationList = 1DEB921E08733DC00010E9CD /* Build configuration list for PBXNativeTarget "GameDefaults" */;
			buildPhases = (
				D2AAC07A0554694100DB518D /* Headers */,
				D2AAC07B0554694100DB518D /* Sources */,
				D2AAC07C0554694100DB518D /* Frameworks */,
			);
			buildRules = (
			);
			dependencies = (
			);
			name = GameDefaults;
			productName = GameDefaults;
			productReference = D2AAC07E0554694100DB518D /* libGameDefaults.a */;
			productType = "com.apple.product-type.library.static";
		};
/* End PBXNativeTarget section */

/* Begin PBXProject section */
		0867D690FE84028FC02AAC07 /* Project object */ = {
			isa = PBXProject;
			buildConfigurationList = 1DEB922208733DC00010E9CD /* Build configuration list for PBXProject "GameDefaults" */;
			compatibilityVersion = "Xcode 3.1";
			developmentRegion = English;
			hasScannedForEncodings = 1;
			knownRegions = (
				English,
				Japanese,
				French,
				German,
			);
			mainGroup = 0867D691FE84028FC02AAC07 /* GameDefaults */;
			productRefGroup = 034768DFFF38A50411DB9C8B /* Products */;
			projectDirPath = "";
			projectRoot = "";
			targets = (
				D2AAC07D0554694100DB518D /* GameDefaults */,
			);
		};
/* End PBXProject section */

/* Begin PBXSourcesBuildPhase section */
		D2AAC07B0554694100DB518D /* Sources */ = {
			isa = PBXSourcesBuildPhase;
			buildActionMask = 2147483647;
			files = (
				649FF63112835CE600CEA4E0 /* AnimatedSprite.m in Sources */,
				649FF63312835CE600CEA4E0 /* AnimatedSpriteFrame.m in Sources */,
				649FF63512835CE600CEA4E0 /* Sprite.m in Sources */,
				649FF63D12835D7600CEA4E0 /* Lifetime.m in Sources */,
				649FF6FE128361BB00CEA4E0 /* ParticleParticleColision.m in Sources */,
				649FF702128361FA00CEA4E0 /* SimpleScene.m in Sources */,
				649FF7471283667E00CEA4E0 /* MovementPhysics.m in Sources */,
				64021EEE12904F410008D1EA /* HalfPlane.m in Sources */,
				64021F001290514A0008D1EA /* AxisAlignedHalfPlane.m in Sources */,
				64021F35129057A50008D1EA /* Collision.m in Sources */,
				64021F7A12906C9D0008D1EA /* ParticleAxisAlignedHalfPlaneCollision.m in Sources */,
				647947AE12959BEC0082CF22 /* ParticleAxisAlignedRectangleCollision.m in Sources */,
				64C92A8F129841A600869CF4 /* RectangleRectangleCollision.m in Sources */,
				64DF61BF12A068F600505C0C /* PrimitiveBatch.m in Sources */,
				64DF648912A08D2500505C0C /* RectangleAAHalfPlaneCollision.m in Sources */,
				642DB79D12D15C79009A95EB /* TouchPanelHelper.m in Sources */,
				642DB7A712D15D97009A95EB /* Fader.m in Sources */,
				642DB7BB12D16020009A95EB /* Label.m in Sources */,
				642DB7BF12D16027009A95EB /* Image.m in Sources */,
				642DB82912D169ED009A95EB /* SceneAction.m in Sources */,
				642DB82D12D16AC6009A95EB /* GridScene.m in Sources */,
				642DB83A12D16ED8009A95EB /* SceneEventArgs.m in Sources */,
			);
			runOnlyForDeploymentPostprocessing = 0;
		};
/* End PBXSourcesBuildPhase section */

/* Begin XCBuildConfiguration section */
		1DEB921F08733DC00010E9CD /* Debug */ = {
			isa = XCBuildConfiguration;
			buildSettings = {
				ALWAYS_SEARCH_USER_PATHS = NO;
				ARCHS = "$(ARCHS_STANDARD_32_BIT)";
				COPY_PHASE_STRIP = NO;
				DSTROOT = /tmp/GameDefaults.dst;
				GCC_DYNAMIC_NO_PIC = NO;
				GCC_ENABLE_FIX_AND_CONTINUE = YES;
				GCC_MODEL_TUNING = G5;
				GCC_OPTIMIZATION_LEVEL = 0;
				GCC_PRECOMPILE_PREFIX_HEADER = YES;
				GCC_PREFIX_HEADER = GameDefaults_Prefix.pch;
				INSTALL_PATH = /usr/local/lib;
				LIBRARY_SEARCH_PATHS = (
					"$(inherited)",
					"\"$(SRCROOT)/../XNI\"",
				);
				PRODUCT_NAME = GameDefaults;
				USER_HEADER_SEARCH_PATHS = "${PROJECT_DIR}/../XNI/usr/local/include";
			};
			name = Debug;
		};
		1DEB922008733DC00010E9CD /* Release */ = {
			isa = XCBuildConfiguration;
			buildSettings = {
				ALWAYS_SEARCH_USER_PATHS = NO;
				ARCHS = "$(ARCHS_STANDARD_32_BIT)";
				DSTROOT = /tmp/GameDefaults.dst;
				GCC_MODEL_TUNING = G5;
				GCC_PRECOMPILE_PREFIX_HEADER = YES;
				GCC_PREFIX_HEADER = GameDefaults_Prefix.pch;
				INSTALL_PATH = /usr/local/lib;
				LIBRARY_SEARCH_PATHS = (
					"$(inherited)",
					"\"$(SRCROOT)/../XNI\"",
				);
				PRODUCT_NAME = GameDefaults;
				USER_HEADER_SEARCH_PATHS = "${PROJECT_DIR}/../XNI/usr/local/include";
			};
			name = Release;
		};
		1DEB922308733DC00010E9CD /* Debug */ = {
			isa = XCBuildConfiguration;
			buildSettings = {
				ARCHS = "$(ARCHS_STANDARD_32_BIT)";
				GCC_C_LANGUAGE_STANDARD = c99;
				GCC_OPTIMIZATION_LEVEL = 0;
				GCC_WARN_ABOUT_RETURN_TYPE = YES;
				GCC_WARN_UNUSED_VARIABLE = YES;
				OTHER_LDFLAGS = "-ObjC";
				PREBINDING = NO;
				SDKROOT = iphoneos;
				USER_HEADER_SEARCH_PATHS = "${PROJECT_DIR}/../XNI/usr/local/include";
			};
			name = Debug;
		};
		1DEB922408733DC00010E9CD /* Release */ = {
			isa = XCBuildConfiguration;
			buildSettings = {
				ARCHS = "$(ARCHS_STANDARD_32_BIT)";
				GCC_C_LANGUAGE_STANDARD = c99;
				GCC_WARN_ABOUT_RETURN_TYPE = YES;
				GCC_WARN_UNUSED_VARIABLE = YES;
				OTHER_LDFLAGS = "-ObjC";
				PREBINDING = NO;
				SDKROOT = iphoneos;
			};
			name = Release;
		};
/* End XCBuildConfiguration section */

/* Begin XCConfigurationList section */
		1DEB921E08733DC00010E9CD /* Build configuration list for PBXNativeTarget "GameDefaults" */ = {
			isa = XCConfigurationList;
			buildConfigurations = (
				1DEB921F08733DC00010E9CD /* Debug */,
				1DEB922008733DC00010E9CD /* Release */,
			);
			defaultConfigurationIsVisible = 0;
			defaultConfigurationName = Release;
		};
		1DEB922208733DC00010E9CD /* Build configuration list for PBXProject "GameDefaults" */ = {
			isa = XCConfigurationList;
			buildConfigurations = (
				1DEB922308733DC00010E9CD /* Debug */,
				1DEB922408733DC00010E9CD /* Release */,
			);
			defaultConfigurationIsVisible = 0;
			defaultConfigurationName = Release;
		};
/* End XCConfigurationList section */
	};
	rootObject = 0867D690FE84028FC02AAC07 /* Project object */;
}
