// !$*UTF8*$!
{
	archiveVersion = 1;
	classes = {
	};
	objectVersion = 45;
	objects = {

/* Begin PBXBuildFile section */
		1D60589B0D05DD56006BFB54 /* main.m in Sources */ = {isa = PBXBuildFile; fileRef = 29B97316FDCFA39411CA2CEA /* main.m */; };
		1D60589F0D05DD5A006BFB54 /* Foundation.framework in Frameworks */ = {isa = PBXBuildFile; fileRef = 1D30AB110D05D00D00671497 /* Foundation.framework */; };
		1DF5F4E00D08C38300B7A737 /* UIKit.framework in Frameworks */ = {isa = PBXBuildFile; fileRef = 1DF5F4DF0D08C38300B7A737 /* UIKit.framework */; };
		288765FD0DF74451002DB57D /* CoreGraphics.framework in Frameworks */ = {isa = PBXBuildFile; fileRef = 288765FC0DF74451002DB57D /* CoreGraphics.framework */; };
		640221A51290B5620008D1EA /* Boundary.m in Sources */ = {isa = PBXBuildFile; fileRef = 640221A41290B5620008D1EA /* Boundary.m */; };
		6416DCA612A6904D007B61F0 /* FRIkanoidLevel2.m in Sources */ = {isa = PBXBuildFile; fileRef = 6416DCA512A6904D007B61F0 /* FRIkanoidLevel2.m */; };
		644B8E1812B8F8D8000E6AEC /* GameKit.framework in Frameworks */ = {isa = PBXBuildFile; fileRef = 644B8E1712B8F8D8000E6AEC /* GameKit.framework */; };
		644B8E2812B8FBD9000E6AEC /* AudioToolbox.framework in Frameworks */ = {isa = PBXBuildFile; fileRef = 644B8E2712B8FBD9000E6AEC /* AudioToolbox.framework */; };
		644B8E3812B8FC03000E6AEC /* OpenAL.framework in Frameworks */ = {isa = PBXBuildFile; fileRef = 644B8E3712B8FC03000E6AEC /* OpenAL.framework */; };
		644B8EEA12B90320000E6AEC /* SoundEngine.m in Sources */ = {isa = PBXBuildFile; fileRef = 644B8EE912B90320000E6AEC /* SoundEngine.m */; };
		644B8EEC12B9033C000E6AEC /* SoundEffectTypes.h in Resources */ = {isa = PBXBuildFile; fileRef = 644B8EEB12B9033C000E6AEC /* SoundEffectTypes.h */; };
		644B8F1A12B926D6000E6AEC /* BallPad.wav in Resources */ = {isa = PBXBuildFile; fileRef = 644B8F1612B926D5000E6AEC /* BallPad.wav */; };
		644B8F1B12B926D6000E6AEC /* BallBrick.wav in Resources */ = {isa = PBXBuildFile; fileRef = 644B8F1712B926D5000E6AEC /* BallBrick.wav */; };
		644B8F4E12B92AC6000E6AEC /* LiveLost.wav in Resources */ = {isa = PBXBuildFile; fileRef = 644B8F4D12B92AC6000E6AEC /* LiveLost.wav */; };
		644B907112B938CB000E6AEC /* BallLimit.wav in Resources */ = {isa = PBXBuildFile; fileRef = 644B907012B938CB000E6AEC /* BallLimit.wav */; };
		644B907C12B93A59000E6AEC /* BallBrickWithBonus.wav in Resources */ = {isa = PBXBuildFile; fileRef = 644B907B12B93A59000E6AEC /* BallBrickWithBonus.wav */; };
		6458C60F1289930000518AC5 /* Rectangle+Extensions.m in Sources */ = {isa = PBXBuildFile; fileRef = 6458C60E1289930000518AC5 /* Rectangle+Extensions.m */; };
		649C85CC1274FE5400726515 /* FRIkanoid.m in Sources */ = {isa = PBXBuildFile; fileRef = 649C85CB1274FE5400726515 /* FRIkanoid.m */; };
		649C85D01274FE7B00726515 /* OpenGLES.framework in Frameworks */ = {isa = PBXBuildFile; fileRef = 649C85CF1274FE7B00726515 /* OpenGLES.framework */; };
		649C85D21274FE7B00726515 /* QuartzCore.framework in Frameworks */ = {isa = PBXBuildFile; fileRef = 649C85D11274FE7B00726515 /* QuartzCore.framework */; };
		649C8656127504BF00726515 /* Renderer.m in Sources */ = {isa = PBXBuildFile; fileRef = 649C8655127504BF00726515 /* Renderer.m */; };
		649C865C127504DE00726515 /* FRIkanoidLevel1.m in Sources */ = {isa = PBXBuildFile; fileRef = 649C865B127504DE00726515 /* FRIkanoidLevel1.m */; };
		649C8662127504FD00726515 /* Level.m in Sources */ = {isa = PBXBuildFile; fileRef = 649C8661127504FD00726515 /* Level.m */; };
		649FF7A812836AF700CEA4E0 /* PhysicsEngine.m in Sources */ = {isa = PBXBuildFile; fileRef = 649FF7A712836AF700CEA4E0 /* PhysicsEngine.m */; };
		649FF84012846B5600CEA4E0 /* Player.m in Sources */ = {isa = PBXBuildFile; fileRef = 649FF83F12846B5600CEA4E0 /* Player.m */; };
		649FF85012846C9A00CEA4E0 /* GamePlay.m in Sources */ = {isa = PBXBuildFile; fileRef = 649FF84F12846C9A00CEA4E0 /* GamePlay.m */; };
		649FF87A1284846500CEA4E0 /* HumanPlayer.m in Sources */ = {isa = PBXBuildFile; fileRef = 649FF8791284846500CEA4E0 /* HumanPlayer.m */; };
		64B2A4B11280CBF5001EC6F0 /* libGameDefaults.a in Frameworks */ = {isa = PBXBuildFile; fileRef = 64A01AB71280C4E6003E273F /* libGameDefaults.a */; };
		64C6E5DC12A55C22007FC07F /* Explosion.m in Sources */ = {isa = PBXBuildFile; fileRef = 64C6E5DB12A55C22007FC07F /* Explosion.m */; };
		64C6E5DE12A55C53007FC07F /* Explosion.png in Resources */ = {isa = PBXBuildFile; fileRef = 64C6E5DD12A55C53007FC07F /* Explosion.png */; };
		64C707351275E2DC0028822D /* Ball.m in Sources */ = {isa = PBXBuildFile; fileRef = 64C707341275E2DC0028822D /* Ball.m */; };
		64C928ED12982E7400869CF4 /* PowerUp.m in Sources */ = {isa = PBXBuildFile; fileRef = 64C928EC12982E7400869CF4 /* PowerUp.m */; };
		64CDA0C01275F05B00DA0FAA /* Pad.m in Sources */ = {isa = PBXBuildFile; fileRef = 64CDA0BF1275F05B00DA0FAA /* Pad.m */; };
		64CDA0F61275F30A00DA0FAA /* Brick.m in Sources */ = {isa = PBXBuildFile; fileRef = 64CDA0F51275F30A00DA0FAA /* Brick.m */; };
		64E9B0F012AED2EF006A03AE /* AIPlayer.m in Sources */ = {isa = PBXBuildFile; fileRef = 64E9B0EF12AED2EF006A03AE /* AIPlayer.m */; };
		64F22407128B627700DF6570 /* Arkanoid2.png in Resources */ = {isa = PBXBuildFile; fileRef = 64F22406128B627700DF6570 /* Arkanoid2.png */; };
		64F3938F1282BE960009159A /* libXNI.a in Frameworks */ = {isa = PBXBuildFile; fileRef = 64F3938E1282BE960009159A /* libXNI.a */; };
		64FAF80F129350B800639A2D /* Random.m in Sources */ = {isa = PBXBuildFile; fileRef = 64FAF80E129350B800639A2D /* Random.m */; };
/* End PBXBuildFile section */

/* Begin PBXContainerItemProxy section */
		641591661282BF5F0044F824 /* PBXContainerItemProxy */ = {
			isa = PBXContainerItemProxy;
			containerPortal = 641591621282BF5F0044F824 /* GameDefaults.xcodeproj */;
			proxyType = 2;
			remoteGlobalIDString = D2AAC07E0554694100DB518D;
			remoteInfo = GameDefaults;
		};
		641591881282BFBE0044F824 /* PBXContainerItemProxy */ = {
			isa = PBXContainerItemProxy;
			containerPortal = 641591621282BF5F0044F824 /* GameDefaults.xcodeproj */;
			proxyType = 1;
			remoteGlobalIDString = D2AAC07D0554694100DB518D;
			remoteInfo = GameDefaults;
		};
/* End PBXContainerItemProxy section */

/* Begin PBXFileReference section */
		1D30AB110D05D00D00671497 /* Foundation.framework */ = {isa = PBXFileReference; lastKnownFileType = wrapper.framework; name = Foundation.framework; path = System/Library/Frameworks/Foundation.framework; sourceTree = SDKROOT; };
		1D6058910D05DD3D006BFB54 /* FRIkanoid.app */ = {isa = PBXFileReference; explicitFileType = wrapper.application; includeInIndex = 0; path = FRIkanoid.app; sourceTree = BUILT_PRODUCTS_DIR; };
		1DF5F4DF0D08C38300B7A737 /* UIKit.framework */ = {isa = PBXFileReference; lastKnownFileType = wrapper.framework; name = UIKit.framework; path = System/Library/Frameworks/UIKit.framework; sourceTree = SDKROOT; };
		288765FC0DF74451002DB57D /* CoreGraphics.framework */ = {isa = PBXFileReference; lastKnownFileType = wrapper.framework; name = CoreGraphics.framework; path = System/Library/Frameworks/CoreGraphics.framework; sourceTree = SDKROOT; };
		29B97316FDCFA39411CA2CEA /* main.m */ = {isa = PBXFileReference; fileEncoding = 4; lastKnownFileType = sourcecode.c.objc; name = main.m; path = Shared/main.m; sourceTree = "<group>"; };
		32CA4F630368D1EE00C91783 /* FRIkanoid_Prefix.pch */ = {isa = PBXFileReference; fileEncoding = 4; lastKnownFileType = sourcecode.c.h; path = FRIkanoid_Prefix.pch; sourceTree = "<group>"; };
		640221A31290B5620008D1EA /* Boundary.h */ = {isa = PBXFileReference; fileEncoding = 4; lastKnownFileType = sourcecode.c.h; path = Boundary.h; sourceTree = "<group>"; };
		640221A41290B5620008D1EA /* Boundary.m */ = {isa = PBXFileReference; fileEncoding = 4; lastKnownFileType = sourcecode.c.objc; path = Boundary.m; sourceTree = "<group>"; };
		641591621282BF5F0044F824 /* GameDefaults.xcodeproj */ = {isa = PBXFileReference; lastKnownFileType = "wrapper.pb-project"; name = GameDefaults.xcodeproj; path = ../GameDefaults/GameDefaults.xcodeproj; sourceTree = SOURCE_ROOT; };
		6416DCA412A6904D007B61F0 /* FRIkanoidLevel2.h */ = {isa = PBXFileReference; fileEncoding = 4; lastKnownFileType = sourcecode.c.h; path = FRIkanoidLevel2.h; sourceTree = "<group>"; };
		6416DCA512A6904D007B61F0 /* FRIkanoidLevel2.m */ = {isa = PBXFileReference; fileEncoding = 4; lastKnownFileType = sourcecode.c.objc; path = FRIkanoidLevel2.m; sourceTree = "<group>"; };
		644B8E1712B8F8D8000E6AEC /* GameKit.framework */ = {isa = PBXFileReference; lastKnownFileType = wrapper.framework; name = GameKit.framework; path = System/Library/Frameworks/GameKit.framework; sourceTree = SDKROOT; };
		644B8E2712B8FBD9000E6AEC /* AudioToolbox.framework */ = {isa = PBXFileReference; lastKnownFileType = wrapper.framework; name = AudioToolbox.framework; path = System/Library/Frameworks/AudioToolbox.framework; sourceTree = SDKROOT; };
		644B8E3712B8FC03000E6AEC /* OpenAL.framework */ = {isa = PBXFileReference; lastKnownFileType = wrapper.framework; name = OpenAL.framework; path = System/Library/Frameworks/OpenAL.framework; sourceTree = SDKROOT; };
		644B8EE812B90320000E6AEC /* SoundEngine.h */ = {isa = PBXFileReference; fileEncoding = 4; lastKnownFileType = sourcecode.c.h; path = SoundEngine.h; sourceTree = "<group>"; };
		644B8EE912B90320000E6AEC /* SoundEngine.m */ = {isa = PBXFileReference; fileEncoding = 4; lastKnownFileType = sourcecode.c.objc; path = SoundEngine.m; sourceTree = "<group>"; };
		644B8EEB12B9033C000E6AEC /* SoundEffectTypes.h */ = {isa = PBXFileReference; fileEncoding = 4; lastKnownFileType = sourcecode.c.h; path = SoundEffectTypes.h; sourceTree = "<group>"; };
		644B8F1612B926D5000E6AEC /* BallPad.wav */ = {isa = PBXFileReference; lastKnownFileType = audio.wav; path = BallPad.wav; sourceTree = "<group>"; };
		644B8F1712B926D5000E6AEC /* BallBrick.wav */ = {isa = PBXFileReference; lastKnownFileType = audio.wav; path = BallBrick.wav; sourceTree = "<group>"; };
		644B8F4D12B92AC6000E6AEC /* LiveLost.wav */ = {isa = PBXFileReference; lastKnownFileType = audio.wav; path = LiveLost.wav; sourceTree = "<group>"; };
		644B907012B938CB000E6AEC /* BallLimit.wav */ = {isa = PBXFileReference; lastKnownFileType = audio.wav; path = BallLimit.wav; sourceTree = "<group>"; };
		644B907B12B93A59000E6AEC /* BallBrickWithBonus.wav */ = {isa = PBXFileReference; lastKnownFileType = audio.wav; path = BallBrickWithBonus.wav; sourceTree = "<group>"; };
		6458C60D1289930000518AC5 /* Rectangle+Extensions.h */ = {isa = PBXFileReference; fileEncoding = 4; lastKnownFileType = sourcecode.c.h; path = "Rectangle+Extensions.h"; sourceTree = "<group>"; };
		6458C60E1289930000518AC5 /* Rectangle+Extensions.m */ = {isa = PBXFileReference; fileEncoding = 4; lastKnownFileType = sourcecode.c.objc; path = "Rectangle+Extensions.m"; sourceTree = "<group>"; };
		647946D0129459900082CF22 /* BrickType.h */ = {isa = PBXFileReference; fileEncoding = 4; lastKnownFileType = sourcecode.c.h; path = BrickType.h; sourceTree = "<group>"; };
		649AB53F129A07B400457484 /* PowerUpType.h */ = {isa = PBXFileReference; fileEncoding = 4; lastKnownFileType = sourcecode.c.h; path = PowerUpType.h; sourceTree = "<group>"; };
		649C85CA1274FE5400726515 /* FRIkanoid.h */ = {isa = PBXFileReference; fileEncoding = 4; lastKnownFileType = sourcecode.c.h; path = FRIkanoid.h; sourceTree = "<group>"; };
		649C85CB1274FE5400726515 /* FRIkanoid.m */ = {isa = PBXFileReference; fileEncoding = 4; lastKnownFileType = sourcecode.c.objc; path = FRIkanoid.m; sourceTree = "<group>"; };
		649C85CF1274FE7B00726515 /* OpenGLES.framework */ = {isa = PBXFileReference; lastKnownFileType = wrapper.framework; name = OpenGLES.framework; path = System/Library/Frameworks/OpenGLES.framework; sourceTree = SDKROOT; };
		649C85D11274FE7B00726515 /* QuartzCore.framework */ = {isa = PBXFileReference; lastKnownFileType = wrapper.framework; name = QuartzCore.framework; path = System/Library/Frameworks/QuartzCore.framework; sourceTree = SDKROOT; };
		649C86441275029300726515 /* Chomponthis.FRIkanoid.classes.h */ = {isa = PBXFileReference; fileEncoding = 4; lastKnownFileType = sourcecode.c.h; path = Chomponthis.FRIkanoid.classes.h; sourceTree = "<group>"; };
		649C8654127504BF00726515 /* Renderer.h */ = {isa = PBXFileReference; fileEncoding = 4; lastKnownFileType = sourcecode.c.h; path = Renderer.h; sourceTree = "<group>"; };
		649C8655127504BF00726515 /* Renderer.m */ = {isa = PBXFileReference; fileEncoding = 4; lastKnownFileType = sourcecode.c.objc; path = Renderer.m; sourceTree = "<group>"; };
		649C865A127504DE00726515 /* FRIkanoidLevel1.h */ = {isa = PBXFileReference; fileEncoding = 4; lastKnownFileType = sourcecode.c.h; path = FRIkanoidLevel1.h; sourceTree = "<group>"; };
		649C865B127504DE00726515 /* FRIkanoidLevel1.m */ = {isa = PBXFileReference; fileEncoding = 4; lastKnownFileType = sourcecode.c.objc; path = FRIkanoidLevel1.m; sourceTree = "<group>"; };
		649C8660127504FD00726515 /* Level.h */ = {isa = PBXFileReference; fileEncoding = 4; lastKnownFileType = sourcecode.c.h; path = Level.h; sourceTree = "<group>"; };
		649C8661127504FD00726515 /* Level.m */ = {isa = PBXFileReference; fileEncoding = 4; lastKnownFileType = sourcecode.c.objc; path = Level.m; sourceTree = "<group>"; };
		649FF7A612836AF700CEA4E0 /* PhysicsEngine.h */ = {isa = PBXFileReference; fileEncoding = 4; lastKnownFileType = sourcecode.c.h; path = PhysicsEngine.h; sourceTree = "<group>"; };
		649FF7A712836AF700CEA4E0 /* PhysicsEngine.m */ = {isa = PBXFileReference; fileEncoding = 4; lastKnownFileType = sourcecode.c.objc; path = PhysicsEngine.m; sourceTree = "<group>"; };
		649FF83E12846B5600CEA4E0 /* Player.h */ = {isa = PBXFileReference; fileEncoding = 4; lastKnownFileType = sourcecode.c.h; path = Player.h; sourceTree = "<group>"; };
		649FF83F12846B5600CEA4E0 /* Player.m */ = {isa = PBXFileReference; fileEncoding = 4; lastKnownFileType = sourcecode.c.objc; path = Player.m; sourceTree = "<group>"; };
		649FF84E12846C9A00CEA4E0 /* GamePlay.h */ = {isa = PBXFileReference; fileEncoding = 4; lastKnownFileType = sourcecode.c.h; path = GamePlay.h; sourceTree = "<group>"; };
		649FF84F12846C9A00CEA4E0 /* GamePlay.m */ = {isa = PBXFileReference; fileEncoding = 4; lastKnownFileType = sourcecode.c.objc; path = GamePlay.m; sourceTree = "<group>"; };
		649FF8781284846500CEA4E0 /* HumanPlayer.h */ = {isa = PBXFileReference; fileEncoding = 4; lastKnownFileType = sourcecode.c.h; path = HumanPlayer.h; sourceTree = "<group>"; };
		649FF8791284846500CEA4E0 /* HumanPlayer.m */ = {isa = PBXFileReference; fileEncoding = 4; lastKnownFileType = sourcecode.c.objc; path = HumanPlayer.m; sourceTree = "<group>"; };
		64A01AB71280C4E6003E273F /* libGameDefaults.a */ = {isa = PBXFileReference; lastKnownFileType = archive.ar; name = libGameDefaults.a; path = "/Users/jsantos/Documents/workspace/FRIkanoid/GameDefaults/build/Debug-iphonesimulator/libGameDefaults.a"; sourceTree = "<absolute>"; };
		64C6E5DA12A55C22007FC07F /* Explosion.h */ = {isa = PBXFileReference; fileEncoding = 4; lastKnownFileType = sourcecode.c.h; path = Explosion.h; sourceTree = "<group>"; };
		64C6E5DB12A55C22007FC07F /* Explosion.m */ = {isa = PBXFileReference; fileEncoding = 4; lastKnownFileType = sourcecode.c.objc; path = Explosion.m; sourceTree = "<group>"; };
		64C6E5DD12A55C53007FC07F /* Explosion.png */ = {isa = PBXFileReference; lastKnownFileType = image.png; path = Explosion.png; sourceTree = "<group>"; };
		64C707331275E2DC0028822D /* Ball.h */ = {isa = PBXFileReference; fileEncoding = 4; lastKnownFileType = sourcecode.c.h; path = Ball.h; sourceTree = "<group>"; };
		64C707341275E2DC0028822D /* Ball.m */ = {isa = PBXFileReference; fileEncoding = 4; lastKnownFileType = sourcecode.c.objc; path = Ball.m; sourceTree = "<group>"; };
		64C7073B1275E3320028822D /* Chomponthis.FRIkanoid.h */ = {isa = PBXFileReference; fileEncoding = 4; lastKnownFileType = sourcecode.c.h; path = Chomponthis.FRIkanoid.h; sourceTree = "<group>"; };
		64C928EB12982E7400869CF4 /* PowerUp.h */ = {isa = PBXFileReference; fileEncoding = 4; lastKnownFileType = sourcecode.c.h; path = PowerUp.h; sourceTree = "<group>"; };
		64C928EC12982E7400869CF4 /* PowerUp.m */ = {isa = PBXFileReference; fileEncoding = 4; lastKnownFileType = sourcecode.c.objc; path = PowerUp.m; sourceTree = "<group>"; };
		64CDA0BE1275F05B00DA0FAA /* Pad.h */ = {isa = PBXFileReference; fileEncoding = 4; lastKnownFileType = sourcecode.c.h; path = Pad.h; sourceTree = "<group>"; };
		64CDA0BF1275F05B00DA0FAA /* Pad.m */ = {isa = PBXFileReference; fileEncoding = 4; lastKnownFileType = sourcecode.c.objc; path = Pad.m; sourceTree = "<group>"; };
		64CDA0F41275F30A00DA0FAA /* Brick.h */ = {isa = PBXFileReference; fileEncoding = 4; lastKnownFileType = sourcecode.c.h; path = Brick.h; sourceTree = "<group>"; };
		64CDA0F51275F30A00DA0FAA /* Brick.m */ = {isa = PBXFileReference; fileEncoding = 4; lastKnownFileType = sourcecode.c.objc; path = Brick.m; sourceTree = "<group>"; };
		64E9B0EE12AED2EF006A03AE /* AIPlayer.h */ = {isa = PBXFileReference; fileEncoding = 4; lastKnownFileType = sourcecode.c.h; path = AIPlayer.h; sourceTree = "<group>"; };
		64E9B0EF12AED2EF006A03AE /* AIPlayer.m */ = {isa = PBXFileReference; fileEncoding = 4; lastKnownFileType = sourcecode.c.objc; path = AIPlayer.m; sourceTree = "<group>"; };
		64F22406128B627700DF6570 /* Arkanoid2.png */ = {isa = PBXFileReference; lastKnownFileType = image.png; path = Arkanoid2.png; sourceTree = "<group>"; };
		64F3938E1282BE960009159A /* libXNI.a */ = {isa = PBXFileReference; lastKnownFileType = archive.ar; name = libXNI.a; path = /Users/jsantos/Documents/workspace/FRIkanoid/XNI/libXNI.a; sourceTree = "<absolute>"; };
		64FAF80D129350B800639A2D /* Random.h */ = {isa = PBXFileReference; fileEncoding = 4; lastKnownFileType = sourcecode.c.h; path = Random.h; sourceTree = "<group>"; };
		64FAF80E129350B800639A2D /* Random.m */ = {isa = PBXFileReference; fileEncoding = 4; lastKnownFileType = sourcecode.c.objc; path = Random.m; sourceTree = "<group>"; };
		8D1107310486CEB800E47090 /* FRIkanoid-Info.plist */ = {isa = PBXFileReference; fileEncoding = 4; lastKnownFileType = text.plist.xml; path = "FRIkanoid-Info.plist"; plistStructureDefinitionIdentifier = "com.apple.xcode.plist.structure-definition.iphone.info-plist"; sourceTree = "<group>"; };
/* End PBXFileReference section */

/* Begin PBXFrameworksBuildPhase section */
		1D60588F0D05DD3D006BFB54 /* Frameworks */ = {
			isa = PBXFrameworksBuildPhase;
			buildActionMask = 2147483647;
			files = (
				1D60589F0D05DD5A006BFB54 /* Foundation.framework in Frameworks */,
				1DF5F4E00D08C38300B7A737 /* UIKit.framework in Frameworks */,
				288765FD0DF74451002DB57D /* CoreGraphics.framework in Frameworks */,
				649C85D01274FE7B00726515 /* OpenGLES.framework in Frameworks */,
				649C85D21274FE7B00726515 /* QuartzCore.framework in Frameworks */,
				64B2A4B11280CBF5001EC6F0 /* libGameDefaults.a in Frameworks */,
				64F3938F1282BE960009159A /* libXNI.a in Frameworks */,
				644B8E1812B8F8D8000E6AEC /* GameKit.framework in Frameworks */,
				644B8E2812B8FBD9000E6AEC /* AudioToolbox.framework in Frameworks */,
				644B8E3812B8FC03000E6AEC /* OpenAL.framework in Frameworks */,
			);
			runOnlyForDeploymentPostprocessing = 0;
		};
/* End PBXFrameworksBuildPhase section */

/* Begin PBXGroup section */
		19C28FACFE9D520D11CA2CBB /* Products */ = {
			isa = PBXGroup;
			children = (
				1D6058910D05DD3D006BFB54 /* FRIkanoid.app */,
			);
			name = Products;
			sourceTree = "<group>";
		};
		28EEBF621118D79A00187D67 /* Resources */ = {
			isa = PBXGroup;
			children = (
				644B8F1012B926C7000E6AEC /* Sounds */,
				64C6E5DD12A55C53007FC07F /* Explosion.png */,
				64F22406128B627700DF6570 /* Arkanoid2.png */,
				8D1107310486CEB800E47090 /* FRIkanoid-Info.plist */,
			);
			name = Resources;
			sourceTree = "<group>";
		};
		29B97314FDCFA39411CA2CEA /* CustomTemplate */ = {
			isa = PBXGroup;
			children = (
				641591621282BF5F0044F824 /* GameDefaults.xcodeproj */,
				649C85C91274FE4A00726515 /* Classes */,
				28EEBF621118D79A00187D67 /* Resources */,
				29B97315FDCFA39411CA2CEA /* Other Sources */,
				29B97323FDCFA39411CA2CEA /* Frameworks */,
				19C28FACFE9D520D11CA2CBB /* Products */,
				644B8E3712B8FC03000E6AEC /* OpenAL.framework */,
			);
			name = CustomTemplate;
			sourceTree = "<group>";
		};
		29B97315FDCFA39411CA2CEA /* Other Sources */ = {
			isa = PBXGroup;
			children = (
				32CA4F630368D1EE00C91783 /* FRIkanoid_Prefix.pch */,
				29B97316FDCFA39411CA2CEA /* main.m */,
			);
			name = "Other Sources";
			sourceTree = "<group>";
		};
		29B97323FDCFA39411CA2CEA /* Frameworks */ = {
			isa = PBXGroup;
			children = (
				644B8E2712B8FBD9000E6AEC /* AudioToolbox.framework */,
				64A01AB71280C4E6003E273F /* libGameDefaults.a */,
				1DF5F4DF0D08C38300B7A737 /* UIKit.framework */,
				1D30AB110D05D00D00671497 /* Foundation.framework */,
				288765FC0DF74451002DB57D /* CoreGraphics.framework */,
				649C85CF1274FE7B00726515 /* OpenGLES.framework */,
				649C85D11274FE7B00726515 /* QuartzCore.framework */,
				64F3938E1282BE960009159A /* libXNI.a */,
				644B8E1712B8F8D8000E6AEC /* GameKit.framework */,
			);
			name = Frameworks;
			sourceTree = "<group>";
		};
		641591631282BF5F0044F824 /* Products */ = {
			isa = PBXGroup;
			children = (
				641591671282BF5F0044F824 /* libGameDefaults.a */,
			);
			name = Products;
			sourceTree = "<group>";
		};
		641591F91282D3090044F824 /* Players */ = {
			isa = PBXGroup;
			children = (
				641591FB1282D3150044F824 /* AI */,
				641591FA1282D30E0044F824 /* Human */,
				649FF83E12846B5600CEA4E0 /* Player.h */,
				649FF83F12846B5600CEA4E0 /* Player.m */,
			);
			name = Players;
			sourceTree = "<group>";
		};
		641591FA1282D30E0044F824 /* Human */ = {
			isa = PBXGroup;
			children = (
				649FF8781284846500CEA4E0 /* HumanPlayer.h */,
				649FF8791284846500CEA4E0 /* HumanPlayer.m */,
			);
			name = Human;
			sourceTree = "<group>";
		};
		641591FB1282D3150044F824 /* AI */ = {
			isa = PBXGroup;
			children = (
				64E9B0EE12AED2EF006A03AE /* AIPlayer.h */,
				64E9B0EF12AED2EF006A03AE /* AIPlayer.m */,
			);
			name = AI;
			sourceTree = "<group>";
		};
		644B8EE712B90274000E6AEC /* Sound */ = {
			isa = PBXGroup;
			children = (
				644B8EE812B90320000E6AEC /* SoundEngine.h */,
				644B8EE912B90320000E6AEC /* SoundEngine.m */,
				644B8EEB12B9033C000E6AEC /* SoundEffectTypes.h */,
			);
			name = Sound;
			sourceTree = "<group>";
		};
		644B8F1012B926C7000E6AEC /* Sounds */ = {
			isa = PBXGroup;
			children = (
				644B907B12B93A59000E6AEC /* BallBrickWithBonus.wav */,
				644B907012B938CB000E6AEC /* BallLimit.wav */,
				644B8F4D12B92AC6000E6AEC /* LiveLost.wav */,
				644B8F1612B926D5000E6AEC /* BallPad.wav */,
				644B8F1712B926D5000E6AEC /* BallBrick.wav */,
			);
			name = Sounds;
			sourceTree = "<group>";
		};
		6458C60C128992DC00518AC5 /* Extensions */ = {
			isa = PBXGroup;
			children = (
				6458C60D1289930000518AC5 /* Rectangle+Extensions.h */,
				6458C60E1289930000518AC5 /* Rectangle+Extensions.m */,
			);
			name = Extensions;
			sourceTree = "<group>";
		};
		649C85C91274FE4A00726515 /* Classes */ = {
			isa = PBXGroup;
			children = (
				644B8EE712B90274000E6AEC /* Sound */,
				6458C60C128992DC00518AC5 /* Extensions */,
				649FF7A512836AED00CEA4E0 /* Physics */,
				641591F91282D3090044F824 /* Players */,
				649C864A127502ED00726515 /* Scene */,
				649C8647127502D800726515 /* Components */,
				649C85CA1274FE5400726515 /* FRIkanoid.h */,
				649C85CB1274FE5400726515 /* FRIkanoid.m */,
				649C86441275029300726515 /* Chomponthis.FRIkanoid.classes.h */,
				64C7073B1275E3320028822D /* Chomponthis.FRIkanoid.h */,
				649FF84E12846C9A00CEA4E0 /* GamePlay.h */,
				649FF84F12846C9A00CEA4E0 /* GamePlay.m */,
				64FAF80D129350B800639A2D /* Random.h */,
				64FAF80E129350B800639A2D /* Random.m */,
			);
			name = Classes;
			sourceTree = "<group>";
		};
		649C8647127502D800726515 /* Components */ = {
			isa = PBXGroup;
			children = (
				649C8654127504BF00726515 /* Renderer.h */,
				649C8655127504BF00726515 /* Renderer.m */,
			);
			name = Components;
			sourceTree = "<group>";
		};
		649C864A127502ED00726515 /* Scene */ = {
			isa = PBXGroup;
			children = (
				649C864C127502FD00726515 /* Levels */,
				649C864B127502F900726515 /* Objects */,
				649C8660127504FD00726515 /* Level.h */,
				649C8661127504FD00726515 /* Level.m */,
			);
			name = Scene;
			sourceTree = "<group>";
		};
		649C864B127502F900726515 /* Objects */ = {
			isa = PBXGroup;
			children = (
				64C707331275E2DC0028822D /* Ball.h */,
				64C707341275E2DC0028822D /* Ball.m */,
				64CDA0BE1275F05B00DA0FAA /* Pad.h */,
				64CDA0BF1275F05B00DA0FAA /* Pad.m */,
				64CDA0F41275F30A00DA0FAA /* Brick.h */,
				64CDA0F51275F30A00DA0FAA /* Brick.m */,
				640221A31290B5620008D1EA /* Boundary.h */,
				640221A41290B5620008D1EA /* Boundary.m */,
				647946D0129459900082CF22 /* BrickType.h */,
				64C928EB12982E7400869CF4 /* PowerUp.h */,
				64C928EC12982E7400869CF4 /* PowerUp.m */,
				649AB53F129A07B400457484 /* PowerUpType.h */,
				64C6E5DA12A55C22007FC07F /* Explosion.h */,
				64C6E5DB12A55C22007FC07F /* Explosion.m */,
			);
			name = Objects;
			sourceTree = "<group>";
		};
		649C864C127502FD00726515 /* Levels */ = {
			isa = PBXGroup;
			children = (
				649C865A127504DE00726515 /* FRIkanoidLevel1.h */,
				649C865B127504DE00726515 /* FRIkanoidLevel1.m */,
				6416DCA412A6904D007B61F0 /* FRIkanoidLevel2.h */,
				6416DCA512A6904D007B61F0 /* FRIkanoidLevel2.m */,
			);
			name = Levels;
			sourceTree = "<group>";
		};
		649FF7A512836AED00CEA4E0 /* Physics */ = {
			isa = PBXGroup;
			children = (
				649FF7A612836AF700CEA4E0 /* PhysicsEngine.h */,
				649FF7A712836AF700CEA4E0 /* PhysicsEngine.m */,
			);
			name = Physics;
			sourceTree = "<group>";
		};
/* End PBXGroup section */

/* Begin PBXNativeTarget section */
		1D6058900D05DD3D006BFB54 /* FRIkanoid */ = {
			isa = PBXNativeTarget;
			buildConfigurationList = 1D6058960D05DD3E006BFB54 /* Build configuration list for PBXNativeTarget "FRIkanoid" */;
			buildPhases = (
				1D60588D0D05DD3D006BFB54 /* Resources */,
				1D60588E0D05DD3D006BFB54 /* Sources */,
				1D60588F0D05DD3D006BFB54 /* Frameworks */,
			);
			buildRules = (
			);
			dependencies = (
				641591891282BFBE0044F824 /* PBXTargetDependency */,
			);
			name = FRIkanoid;
			productName = FRIkanoid;
			productReference = 1D6058910D05DD3D006BFB54 /* FRIkanoid.app */;
			productType = "com.apple.product-type.application";
		};
/* End PBXNativeTarget section */

/* Begin PBXProject section */
		29B97313FDCFA39411CA2CEA /* Project object */ = {
			isa = PBXProject;
			buildConfigurationList = C01FCF4E08A954540054247B /* Build configuration list for PBXProject "FRIkanoid" */;
			compatibilityVersion = "Xcode 3.1";
			developmentRegion = English;
			hasScannedForEncodings = 1;
			knownRegions = (
				English,
				Japanese,
				French,
				German,
			);
			mainGroup = 29B97314FDCFA39411CA2CEA /* CustomTemplate */;
			projectDirPath = "";
			projectReferences = (
				{
					ProductGroup = 641591631282BF5F0044F824 /* Products */;
					ProjectRef = 641591621282BF5F0044F824 /* GameDefaults.xcodeproj */;
				},
			);
			projectRoot = "";
			targets = (
				1D6058900D05DD3D006BFB54 /* FRIkanoid */,
			);
		};
/* End PBXProject section */

/* Begin PBXReferenceProxy section */
		641591671282BF5F0044F824 /* libGameDefaults.a */ = {
			isa = PBXReferenceProxy;
			fileType = archive.ar;
			path = libGameDefaults.a;
			remoteRef = 641591661282BF5F0044F824 /* PBXContainerItemProxy */;
			sourceTree = BUILT_PRODUCTS_DIR;
		};
/* End PBXReferenceProxy section */

/* Begin PBXResourcesBuildPhase section */
		1D60588D0D05DD3D006BFB54 /* Resources */ = {
			isa = PBXResourcesBuildPhase;
			buildActionMask = 2147483647;
			files = (
				64F22407128B627700DF6570 /* Arkanoid2.png in Resources */,
				64C6E5DE12A55C53007FC07F /* Explosion.png in Resources */,
				644B8EEC12B9033C000E6AEC /* SoundEffectTypes.h in Resources */,
				644B8F1A12B926D6000E6AEC /* BallPad.wav in Resources */,
				644B8F1B12B926D6000E6AEC /* BallBrick.wav in Resources */,
				644B8F4E12B92AC6000E6AEC /* LiveLost.wav in Resources */,
				644B907112B938CB000E6AEC /* BallLimit.wav in Resources */,
				644B907C12B93A59000E6AEC /* BallBrickWithBonus.wav in Resources */,
			);
			runOnlyForDeploymentPostprocessing = 0;
		};
/* End PBXResourcesBuildPhase section */

/* Begin PBXSourcesBuildPhase section */
		1D60588E0D05DD3D006BFB54 /* Sources */ = {
			isa = PBXSourcesBuildPhase;
			buildActionMask = 2147483647;
			files = (
				1D60589B0D05DD56006BFB54 /* main.m in Sources */,
				649C85CC1274FE5400726515 /* FRIkanoid.m in Sources */,
				649C8656127504BF00726515 /* Renderer.m in Sources */,
				649C865C127504DE00726515 /* FRIkanoidLevel1.m in Sources */,
				649C8662127504FD00726515 /* Level.m in Sources */,
				64C707351275E2DC0028822D /* Ball.m in Sources */,
				64CDA0C01275F05B00DA0FAA /* Pad.m in Sources */,
				64CDA0F61275F30A00DA0FAA /* Brick.m in Sources */,
				649FF7A812836AF700CEA4E0 /* PhysicsEngine.m in Sources */,
				649FF84012846B5600CEA4E0 /* Player.m in Sources */,
				649FF85012846C9A00CEA4E0 /* GamePlay.m in Sources */,
				649FF87A1284846500CEA4E0 /* HumanPlayer.m in Sources */,
				6458C60F1289930000518AC5 /* Rectangle+Extensions.m in Sources */,
				640221A51290B5620008D1EA /* Boundary.m in Sources */,
				64FAF80F129350B800639A2D /* Random.m in Sources */,
				64C928ED12982E7400869CF4 /* PowerUp.m in Sources */,
				64C6E5DC12A55C22007FC07F /* Explosion.m in Sources */,
				6416DCA612A6904D007B61F0 /* FRIkanoidLevel2.m in Sources */,
				64E9B0F012AED2EF006A03AE /* AIPlayer.m in Sources */,
				644B8EEA12B90320000E6AEC /* SoundEngine.m in Sources */,
			);
			runOnlyForDeploymentPostprocessing = 0;
		};
/* End PBXSourcesBuildPhase section */

/* Begin PBXTargetDependency section */
		641591891282BFBE0044F824 /* PBXTargetDependency */ = {
			isa = PBXTargetDependency;
			name = GameDefaults;
			targetProxy = 641591881282BFBE0044F824 /* PBXContainerItemProxy */;
		};
/* End PBXTargetDependency section */

/* Begin XCBuildConfiguration section */
		1D6058940D05DD3E006BFB54 /* Debug */ = {
			isa = XCBuildConfiguration;
			buildSettings = {
				ALWAYS_SEARCH_USER_PATHS = NO;
				COPY_PHASE_STRIP = NO;
				GCC_DYNAMIC_NO_PIC = NO;
				GCC_OPTIMIZATION_LEVEL = 0;
				GCC_PRECOMPILE_PREFIX_HEADER = YES;
				GCC_PREFIX_HEADER = FRIkanoid_Prefix.pch;
				INFOPLIST_FILE = "FRIkanoid-Info.plist";
				LIBRARY_SEARCH_PATHS = (
					"$(inherited)",
					"\"$(SRCROOT)/../XNI\"",
					"\"$(SRCROOT)/../GameDefaults/build/Debug-iphonesimulator\"",
				);
				OTHER_LDFLAGS = "-all_load";
				PRODUCT_NAME = FRIkanoid;
				USER_HEADER_SEARCH_PATHS = "${PROJECT_DIR}/../XNI/usr/local/include ${PROJECT_DIR}/../GameDefaults//**";
			};
			name = Debug;
		};
		1D6058950D05DD3E006BFB54 /* Release */ = {
			isa = XCBuildConfiguration;
			buildSettings = {
				ALWAYS_SEARCH_USER_PATHS = NO;
				COPY_PHASE_STRIP = YES;
				GCC_PRECOMPILE_PREFIX_HEADER = YES;
				GCC_PREFIX_HEADER = FRIkanoid_Prefix.pch;
				INFOPLIST_FILE = "FRIkanoid-Info.plist";
				LIBRARY_SEARCH_PATHS = (
					"$(inherited)",
					"\"$(SRCROOT)/../XNI\"",
					"\"$(SRCROOT)/../GameDefaults/build/Debug-iphonesimulator\"",
				);
				PRODUCT_NAME = FRIkanoid;
				VALIDATE_PRODUCT = YES;
			};
			name = Release;
		};
		C01FCF4F08A954540054247B /* Debug */ = {
			isa = XCBuildConfiguration;
			buildSettings = {
				ARCHS = "$(ARCHS_STANDARD_32_BIT)";
				"CODE_SIGN_IDENTITY[sdk=iphoneos*]" = "iPhone Developer";
				GCC_C_LANGUAGE_STANDARD = c99;
				GCC_WARN_ABOUT_RETURN_TYPE = YES;
				GCC_WARN_UNUSED_VARIABLE = YES;
				IPHONEOS_DEPLOYMENT_TARGET = 3.2;
				PREBINDING = NO;
				SDKROOT = iphoneos4.1;
				TARGETED_DEVICE_FAMILY = "1,2";
				USER_HEADER_SEARCH_PATHS = "${PROJECT_DIR}/../GameDefaults//** ${PROJECT_DIR}/../XNI/usr/local/include";
			};
			name = Debug;
		};
		C01FCF5008A954540054247B /* Release */ = {
			isa = XCBuildConfiguration;
			buildSettings = {
				ARCHS = "$(ARCHS_STANDARD_32_BIT)";
				"CODE_SIGN_IDENTITY[sdk=iphoneos*]" = "iPhone Developer";
				GCC_C_LANGUAGE_STANDARD = c99;
				GCC_WARN_ABOUT_RETURN_TYPE = YES;
				GCC_WARN_UNUSED_VARIABLE = YES;
				IPHONEOS_DEPLOYMENT_TARGET = 3.2;
				OTHER_CFLAGS = "-DNS_BLOCK_ASSERTIONS=1";
				PREBINDING = NO;
				SDKROOT = iphoneos4.1;
				TARGETED_DEVICE_FAMILY = "1,2";
			};
			name = Release;
		};
/* End XCBuildConfiguration section */

/* Begin XCConfigurationList section */
		1D6058960D05DD3E006BFB54 /* Build configuration list for PBXNativeTarget "FRIkanoid" */ = {
			isa = XCConfigurationList;
			buildConfigurations = (
				1D6058940D05DD3E006BFB54 /* Debug */,
				1D6058950D05DD3E006BFB54 /* Release */,
			);
			defaultConfigurationIsVisible = 0;
			defaultConfigurationName = Release;
		};
		C01FCF4E08A954540054247B /* Build configuration list for PBXProject "FRIkanoid" */ = {
			isa = XCConfigurationList;
			buildConfigurations = (
				C01FCF4F08A954540054247B /* Debug */,
				C01FCF5008A954540054247B /* Release */,
			);
			defaultConfigurationIsVisible = 0;
			defaultConfigurationName = Release;
		};
/* End XCConfigurationList section */
	};
	rootObject = 29B97313FDCFA39411CA2CEA /* Project object */;
}
